// !$*UTF8*$!
{
	archiveVersion = 1;
	classes = {
	};
	objectVersion = 77;
	objects = {

/* Begin PBXBuildFile section */
		00CB10F95B63B1FA9B856B25 /* HotkeyMonitorCustomKeyTests.swift in Sources */ = {isa = PBXBuildFile; fileRef = 0F644DBBB77DAB1C03598705 /* HotkeyMonitorCustomKeyTests.swift */; };
		05A314A215207979802121EB /* e2e-test-audio.wav in Resources */ = {isa = PBXBuildFile; fileRef = 6BC80E15293E61B69A009FE5 /* e2e-test-audio.wav */; };
		070000000000000000000002 /* AudioUXSnapshotRenderer.swift in Sources */ = {isa = PBXBuildFile; fileRef = 070000000000000000000001 /* AudioUXSnapshotRenderer.swift */; };
		070000000000000000000003 /* AudioUXSnapshotRenderer.swift in Sources */ = {isa = PBXBuildFile; fileRef = 070000000000000000000001 /* AudioUXSnapshotRenderer.swift */; };
		070000000000000000000004 /* AudioUXSnapshotRendererTests.swift in Sources */ = {isa = PBXBuildFile; fileRef = 7CB837E3BE88277ED2418E48 /* AudioUXSnapshotRendererTests.swift */; };
		080000000000000000000001 /* FoilTheme.swift in Sources */ = {isa = PBXBuildFile; fileRef = 080000000000000000000009 /* FoilTheme.swift */; };
		080000000000000000000002 /* FoilTheme.swift in Sources */ = {isa = PBXBuildFile; fileRef = 080000000000000000000009 /* FoilTheme.swift */; };
		080000000000000000000003 /* FoilAppShellView.swift in Sources */ = {isa = PBXBuildFile; fileRef = 08000000000000000000000A /* FoilAppShellView.swift */; };
		080000000000000000000004 /* FoilAppShellView.swift in Sources */ = {isa = PBXBuildFile; fileRef = 08000000000000000000000A /* FoilAppShellView.swift */; };
		080000000000000000000005 /* FoilSidebarView.swift in Sources */ = {isa = PBXBuildFile; fileRef = 08000000000000000000000B /* FoilSidebarView.swift */; };
		080000000000000000000006 /* FoilSidebarView.swift in Sources */ = {isa = PBXBuildFile; fileRef = 08000000000000000000000B /* FoilSidebarView.swift */; };
		080000000000000000000007 /* FoilHomeView.swift in Sources */ = {isa = PBXBuildFile; fileRef = 08000000000000000000000C /* FoilHomeView.swift */; };
		080000000000000000000008 /* FoilHomeView.swift in Sources */ = {isa = PBXBuildFile; fileRef = 08000000000000000000000C /* FoilHomeView.swift */; };
		0A6863A7DC18F10FEC34F722 /* TranscriptionService.swift in Sources */ = {isa = PBXBuildFile; fileRef = 060256614A30FE900FF0B56C /* TranscriptionService.swift */; };
		0F3480000000000000000001 /* VocabularyModels.swift in Sources */ = {isa = PBXBuildFile; fileRef = 0F3480000000000000000000 /* VocabularyModels.swift */; };
		0F3480000000000000000002 /* VocabularyModels.swift in Sources */ = {isa = PBXBuildFile; fileRef = 0F3480000000000000000000 /* VocabularyModels.swift */; };
		0F3480000000000000000003 /* VocabularyModels.swift in Sources */ = {isa = PBXBuildFile; fileRef = 0F3480000000000000000000 /* VocabularyModels.swift */; };
		0DEDD41CD5E295C680B06F72 /* FloatingStatusView.swift in Sources */ = {isa = PBXBuildFile; fileRef = 688F792F32D0F925AADAF98B /* FloatingStatusView.swift */; };
		0DF540CE9ABDBDBCE6876628 /* ReleaseNotes.swift in Sources */ = {isa = PBXBuildFile; fileRef = 0364A3EA681FE127352D7A68 /* ReleaseNotes.swift */; };
		12D8611C108842AB0D4336FA /* BluetoothMicGuidance.swift in Sources */ = {isa = PBXBuildFile; fileRef = 9281C806CB5154A7EA3CC4A8 /* BluetoothMicGuidance.swift */; };
		147610C85AA8283044F4C0DE /* Assets.xcassets in Resources */ = {isa = PBXBuildFile; fileRef = 9CA845A3541E1CD261B78856 /* Assets.xcassets */; };
		16E29CBD96B72F5C0BC0B2DA /* e2e-test-audio.wav in Resources */ = {isa = PBXBuildFile; fileRef = 6BC80E15293E61B69A009FE5 /* e2e-test-audio.wav */; };
		18DD89347C1197FA97A1F18F /* SparkleUpdaterTests.swift in Sources */ = {isa = PBXBuildFile; fileRef = A0A76AF679701C71D91386DF /* SparkleUpdaterTests.swift */; };
		1AA4138F265D9B427C4F0D41 /* KeychainHelper.swift in Sources */ = {isa = PBXBuildFile; fileRef = 826C2645F5087F48D5C2A179 /* KeychainHelper.swift */; };
		1EAF0620CC3E962C99F1CED8 /* TranscriptionHistory.swift in Sources */ = {isa = PBXBuildFile; fileRef = 19D30288C69647D5771735F7 /* TranscriptionHistory.swift */; };
		1EBD644C1C3E9D67AB4EFF63 /* TextInserter.swift in Sources */ = {isa = PBXBuildFile; fileRef = EC0BDAD55705426A125BC56B /* TextInserter.swift */; };
		20C3FB641F7FE06C87FAEEF4 /* TranscriptProcessingMode.swift in Sources */ = {isa = PBXBuildFile; fileRef = E803837FB3EA2A22B2B8B39B /* TranscriptProcessingMode.swift */; };
		21FE2DF4225B08260946DB8A /* Assets.xcassets in Resources */ = {isa = PBXBuildFile; fileRef = 9CA845A3541E1CD261B78856 /* Assets.xcassets */; };
		2232086C37CAB700E925D4E6 /* UITestingController.swift in Sources */ = {isa = PBXBuildFile; fileRef = 759115F0BDA7323B04672F10 /* UITestingController.swift */; };
		234F2F90D1E597EA307E8732 /* NotificationManagerTests.swift in Sources */ = {isa = PBXBuildFile; fileRef = A7E861DAA1088C7A0321CD61 /* NotificationManagerTests.swift */; };
		23F11BC0282109C593A41068 /* OnboardingView.swift in Sources */ = {isa = PBXBuildFile; fileRef = F39AF7472BB8B732686C48F7 /* OnboardingView.swift */; };
		244425410F823A0F1071AA4D /* LocalPairingBridgeTests.swift in Sources */ = {isa = PBXBuildFile; fileRef = 67E00F29E00B34CE88A13685 /* LocalPairingBridgeTests.swift */; };
		277A2A9FB0208D3A1511DF21 /* TranscriptProcessingMode.swift in Sources */ = {isa = PBXBuildFile; fileRef = E803837FB3EA2A22B2B8B39B /* TranscriptProcessingMode.swift */; };
		2860B0ED627B5F6DC6428437 /* AudioRecorder.swift in Sources */ = {isa = PBXBuildFile; fileRef = FBB41DD58AA1309C57DBB8BE /* AudioRecorder.swift */; };
		286EC4F37A8EA41187107E14 /* HotkeyMonitor.swift in Sources */ = {isa = PBXBuildFile; fileRef = 4EB32DEAE315506B29398AC5 /* HotkeyMonitor.swift */; };
		2D79AE49C55FFCECF3276C5E /* TranscriptionHistoryTests.swift in Sources */ = {isa = PBXBuildFile; fileRef = 4AA1FFF879D76EE5ACA941FD /* TranscriptionHistoryTests.swift */; };
		2D9054D3894DD2578C5568D3 /* SingleInstanceGuard.swift in Sources */ = {isa = PBXBuildFile; fileRef = 6A427A267FEC1552AF780F77 /* SingleInstanceGuard.swift */; };
		2E4A5A6D3AA6F73AF4929340 /* SoundPlayer.swift in Sources */ = {isa = PBXBuildFile; fileRef = B1C99484E73592AE472A500E /* SoundPlayer.swift */; };
		2F52F0711B2DE1856200F448 /* PasteController.swift in Sources */ = {isa = PBXBuildFile; fileRef = 6FF688548E089D77A4AB6B34 /* PasteController.swift */; };
		2FC5CA864A6935F0624F7165 /* AudioRecording.swift in Sources */ = {isa = PBXBuildFile; fileRef = 67A9BCDEA9A32B88B82ECBFB /* AudioRecording.swift */; };
		2FD5A6D72A2ED7911D732BAB /* PasteTarget.swift in Sources */ = {isa = PBXBuildFile; fileRef = 2C9A0B9D7199D81E3EDD2D94 /* PasteTarget.swift */; };
		32CC4E3E4AE3C3C87E81BEE6 /* QueuedPaste.swift in Sources */ = {isa = PBXBuildFile; fileRef = 0662D2B02AF9975FC2DBE4C3 /* QueuedPaste.swift */; };
		32EA4FB0BB80F4CAD18029BA /* NotificationManager.swift in Sources */ = {isa = PBXBuildFile; fileRef = FB360C97B9F80456EC061432 /* NotificationManager.swift */; };
		345D4A4B4560E9ADBEE9167A /* BluetoothMicGuidance.swift in Sources */ = {isa = PBXBuildFile; fileRef = 9281C806CB5154A7EA3CC4A8 /* BluetoothMicGuidance.swift */; };
		36D84C1EC03B75D46F44CC3D /* SoundPlayerTests.swift in Sources */ = {isa = PBXBuildFile; fileRef = ED61CBC7DBA1CAC18EAB2E1B /* SoundPlayerTests.swift */; };
		37524AE7AAC412DE61A82E90 /* HistoryPopoverView.swift in Sources */ = {isa = PBXBuildFile; fileRef = AD87483A60981AE4B604B6D9 /* HistoryPopoverView.swift */; };
		37F411155FFC301371EE028D /* MockAudioRecorder.swift in Sources */ = {isa = PBXBuildFile; fileRef = F2D53AE87A34122BFEC5142A /* MockAudioRecorder.swift */; };
		3F0437C92AD041B843744D4A /* BrowserMediaController.swift in Sources */ = {isa = PBXBuildFile; fileRef = DCD24BC4DA47443BC721760E /* BrowserMediaController.swift */; };
		3F65C3FD8E31B9E77F4BE213 /* HistoryPopoverTests.swift in Sources */ = {isa = PBXBuildFile; fileRef = F54E191EBF7B15C911667128 /* HistoryPopoverTests.swift */; };
		3FA490B8625B0BCE0901863E /* FloatingStatusView.swift in Sources */ = {isa = PBXBuildFile; fileRef = 688F792F32D0F925AADAF98B /* FloatingStatusView.swift */; };
		44D19A8C12249D516CEBB0BD /* AudioRecorderTests.swift in Sources */ = {isa = PBXBuildFile; fileRef = C512FCF657891FCBA6D2CC45 /* AudioRecorderTests.swift */; };
		47E14DF64BFAC4C4BACFF556 /* Sparkle in Frameworks */ = {isa = PBXBuildFile; productRef = B80C0B52EA672D241F3F4AC1 /* Sparkle */; };
		47FC0750CB14F5A720AB6852 /* HotkeyMonitorTests.swift in Sources */ = {isa = PBXBuildFile; fileRef = 14AA97DF6B90EC3374D3B78A /* HotkeyMonitorTests.swift */; };
		4A3E782E92BFDAA86A35CB16 /* AudioRecorder.swift in Sources */ = {isa = PBXBuildFile; fileRef = FBB41DD58AA1309C57DBB8BE /* AudioRecorder.swift */; };
		4F9A790BA7CDF0FE1AF66BFE /* TranscriptionService.swift in Sources */ = {isa = PBXBuildFile; fileRef = 060256614A30FE900FF0B56C /* TranscriptionService.swift */; };
		516896CBD235F4B2137ADB13 /* E2EAudioStub.swift in Sources */ = {isa = PBXBuildFile; fileRef = C37D2018A3060BAA54FEAD5F /* E2EAudioStub.swift */; };
		57829234426F8D50B2FEDB96 /* DiagnosticLogStub.swift in Sources */ = {isa = PBXBuildFile; fileRef = 62595565EB935349AA70F47C /* DiagnosticLogStub.swift */; };
		5FB3FD6E5C9097384B00C580 /* SkyLightBridge.swift in Sources */ = {isa = PBXBuildFile; fileRef = D9F549666C526DB70503ABC3 /* SkyLightBridge.swift */; };
		603F4806C884C5B13B3DC3CD /* AudioRecorder.swift in Sources */ = {isa = PBXBuildFile; fileRef = FBB41DD58AA1309C57DBB8BE /* AudioRecorder.swift */; };
		6E188014C7882845ECD1BE40 /* AppStateTests.swift in Sources */ = {isa = PBXBuildFile; fileRef = 7CB837E3BE88277ED2418E47 /* AppStateTests.swift */; };
		6E1C6943977DA247E65EC991 /* TranscriptionController.swift in Sources */ = {isa = PBXBuildFile; fileRef = EF4CFADF300FD952BFC5CD88 /* TranscriptionController.swift */; };
		6F9F6A0151E1001975DEAA94 /* ApiKeySetupView.swift in Sources */ = {isa = PBXBuildFile; fileRef = E5A9C58EE9C1DC967B1D4A4B /* ApiKeySetupView.swift */; };
		70A84AF338A09D22CCA99462 /* QueuedPaste.swift in Sources */ = {isa = PBXBuildFile; fileRef = 0662D2B02AF9975FC2DBE4C3 /* QueuedPaste.swift */; };
		71A87747EAF65AAA90597F35 /* RecordingController.swift in Sources */ = {isa = PBXBuildFile; fileRef = 63FF044A9D0CE6F2D31590EE /* RecordingController.swift */; };
		71EC49010F5A173AD53D2801 /* RecordingFlowTests.swift in Sources */ = {isa = PBXBuildFile; fileRef = D19A789B66746E17613A8CE0 /* RecordingFlowTests.swift */; };
		73FDB731D5A5A0380A9B7775 /* TextInserterTests.swift in Sources */ = {isa = PBXBuildFile; fileRef = D061EA95B4BF62DCC4985610 /* TextInserterTests.swift */; };
		75CA470A59822D5E262AD086 /* DiagnosticLogTests.swift in Sources */ = {isa = PBXBuildFile; fileRef = 247D187523C813DF31F5D304 /* DiagnosticLogTests.swift */; };
		7693C29B2106FECE776E6316 /* UITestingController.swift in Sources */ = {isa = PBXBuildFile; fileRef = 759115F0BDA7323B04672F10 /* UITestingController.swift */; };
		776833DCC10AC8B3CFFB405E /* MenuBarView.swift in Sources */ = {isa = PBXBuildFile; fileRef = 27739EBB5DD5F75EE13FD4AD /* MenuBarView.swift */; };
		7893CE31BB38390F51CC7264 /* PasteQueue.swift in Sources */ = {isa = PBXBuildFile; fileRef = D11974CC7B6FB91A6995E96E /* PasteQueue.swift */; };
		7E58AA1B4E1BCCE0F254650B /* LaunchAtLoginManager.swift in Sources */ = {isa = PBXBuildFile; fileRef = F8BFD5884EB4BB6D2FE2BEBA /* LaunchAtLoginManager.swift */; };
		8042AD12D3CEF28C42DACC48 /* LocalPairingBridge.swift in Sources */ = {isa = PBXBuildFile; fileRef = 3358DC46136520D279B35604 /* LocalPairingBridge.swift */; };
		8102310D4676435269AF0019 /* OnboardingView.swift in Sources */ = {isa = PBXBuildFile; fileRef = F39AF7472BB8B732686C48F7 /* OnboardingView.swift */; };
		85CD14B9391194AB86E29FAC /* PasteTargetTests.swift in Sources */ = {isa = PBXBuildFile; fileRef = BD619E69CBE8965BA393DEDE /* PasteTargetTests.swift */; };
		8602C7A34CB017AEDB553425 /* LanguageTests.swift in Sources */ = {isa = PBXBuildFile; fileRef = D41C57122B5521CDF8141FB3 /* LanguageTests.swift */; };
		87178415B357D9CEB83927CB /* PasteDelivery.swift in Sources */ = {isa = PBXBuildFile; fileRef = D81A99EF8807DE09E2190DED /* PasteDelivery.swift */; };
		8845ADE5233E2D1ACF6FCB5F /* AudioRecording.swift in Sources */ = {isa = PBXBuildFile; fileRef = 67A9BCDEA9A32B88B82ECBFB /* AudioRecording.swift */; };
		88528D5D5DAA5A0EEBA8A90F /* TranscriptionService.swift in Sources */ = {isa = PBXBuildFile; fileRef = 060256614A30FE900FF0B56C /* TranscriptionService.swift */; };
		8A381141531C79C84B62887D /* AppState.swift in Sources */ = {isa = PBXBuildFile; fileRef = 2885F1C7852F237A3ABB7279 /* AppState.swift */; };
		8A93D34AF94C2EEF846CA5E5 /* HistoryPopoverView.swift in Sources */ = {isa = PBXBuildFile; fileRef = AD87483A60981AE4B604B6D9 /* HistoryPopoverView.swift */; };
		8F69B461ADD99BCB568F3C3C /* LaunchAtLoginManager.swift in Sources */ = {isa = PBXBuildFile; fileRef = F8BFD5884EB4BB6D2FE2BEBA /* LaunchAtLoginManager.swift */; };
		940F52AA1222D646682E9272 /* TranscriptionControllerTests.swift in Sources */ = {isa = PBXBuildFile; fileRef = B045B3E3B4ED899DAC113BA8 /* TranscriptionControllerTests.swift */; };
		9864DAA0A922F633A1E2A239 /* PasteController.swift in Sources */ = {isa = PBXBuildFile; fileRef = 6FF688548E089D77A4AB6B34 /* PasteController.swift */; };
		9B6A5E8BCADDA3926CC653FF /* BackgroundPaste.swift in Sources */ = {isa = PBXBuildFile; fileRef = 63800E9B4C1E795C7F2D685B /* BackgroundPaste.swift */; };
		9C3D323F79A052130557ACC5 /* SettingsView.swift in Sources */ = {isa = PBXBuildFile; fileRef = 5D904A4D7FBC8A395289FD4D /* SettingsView.swift */; };
		A68B7F1749B5EF9BE449C5D7 /* AppState.swift in Sources */ = {isa = PBXBuildFile; fileRef = 2885F1C7852F237A3ABB7279 /* AppState.swift */; };
		A7E838C401BF31358D130982 /* AppBrand.swift in Sources */ = {isa = PBXBuildFile; fileRef = 97FF72B3615116DE220AE63E /* AppBrand.swift */; };
		A8F8EFF34B0931D55AF5D356 /* ApiKeySetupView.swift in Sources */ = {isa = PBXBuildFile; fileRef = E5A9C58EE9C1DC967B1D4A4B /* ApiKeySetupView.swift */; };
		A91F032E35B4107C9FAA27BB /* TranscriptionServiceTests.swift in Sources */ = {isa = PBXBuildFile; fileRef = 0B52597228CF4C951BABAF82 /* TranscriptionServiceTests.swift */; };
		B0175C32EE3BC165E75FF794 /* IntegrationTests.swift in Sources */ = {isa = PBXBuildFile; fileRef = 2960830956460C7F3971DD97 /* IntegrationTests.swift */; };
		B0B430FF25C3347FB8B18DF4 /* PasteQueueTests.swift in Sources */ = {isa = PBXBuildFile; fileRef = F3BB8A2EDEF064389C7217D3 /* PasteQueueTests.swift */; };
		B5F167F335C4B956863664E8 /* AppBrand.swift in Sources */ = {isa = PBXBuildFile; fileRef = 97FF72B3615116DE220AE63E /* AppBrand.swift */; };
		B61AEA9FFD687455D0C2E107 /* BackgroundPasteTests.swift in Sources */ = {isa = PBXBuildFile; fileRef = 4DEA59A7CBAE480770C2FD0A /* BackgroundPasteTests.swift */; };
		B8D7579ACE777842C06A05C4 /* RecordingController.swift in Sources */ = {isa = PBXBuildFile; fileRef = 63FF044A9D0CE6F2D31590EE /* RecordingController.swift */; };
		BB16CEA2564E8085D975CEE6 /* SingleInstanceGuardTests.swift in Sources */ = {isa = PBXBuildFile; fileRef = 1E5EFD290B27002668218ED0 /* SingleInstanceGuardTests.swift */; };
		BE823D06D669BCA2449B6E91 /* DiagnosticLog.swift in Sources */ = {isa = PBXBuildFile; fileRef = BA4E42A3A13141C49DB3F43E /* DiagnosticLog.swift */; };
		C47613979CF524B00B0CCA77 /* SparkleUpdater.swift in Sources */ = {isa = PBXBuildFile; fileRef = C02331A44FD06601D6F29F2F /* SparkleUpdater.swift */; };
		C5B9851BF2E4346B398CB506 /* main.swift in Sources */ = {isa = PBXBuildFile; fileRef = 5D6496BC0C8BD3B667D8AA3D /* main.swift */; };
		C64FB5CA697C6F37774A01D5 /* AppBrand.swift in Sources */ = {isa = PBXBuildFile; fileRef = 97FF72B3615116DE220AE63E /* AppBrand.swift */; };
		C7E626646A9278168DEBF966 /* Sparkle in Frameworks */ = {isa = PBXBuildFile; productRef = A57AD04028DD144B73C7A677 /* Sparkle */; };
		C833F707535C1034E608BAB8 /* TranscriptionHistory.swift in Sources */ = {isa = PBXBuildFile; fileRef = 19D30288C69647D5771735F7 /* TranscriptionHistory.swift */; };
		C8B129926686C907C91F224F /* HotkeyMonitor.swift in Sources */ = {isa = PBXBuildFile; fileRef = 4EB32DEAE315506B29398AC5 /* HotkeyMonitor.swift */; };
		CB0DE8591C6B5875964E04DA /* BrowserMediaController.swift in Sources */ = {isa = PBXBuildFile; fileRef = DCD24BC4DA47443BC721760E /* BrowserMediaController.swift */; };
		CC944ED1447904362646AFA1 /* KeychainHelper.swift in Sources */ = {isa = PBXBuildFile; fileRef = 826C2645F5087F48D5C2A179 /* KeychainHelper.swift */; };
		CC9F3C6B5C00A2CC5D75A390 /* E2EAudioStub.swift in Sources */ = {isa = PBXBuildFile; fileRef = C37D2018A3060BAA54FEAD5F /* E2EAudioStub.swift */; };
		CE0AD9D9BE6261D1E56C7CDC /* TextInserter.swift in Sources */ = {isa = PBXBuildFile; fileRef = EC0BDAD55705426A125BC56B /* TextInserter.swift */; };
		CE5DFBD289E04F8FD0874B04 /* FoilApp.swift in Sources */ = {isa = PBXBuildFile; fileRef = F5CAE3A8BF36E49174BC28F2 /* FoilApp.swift */; };
		CEB37A6E993CFBDFA1D23B79 /* SparkleUpdater.swift in Sources */ = {isa = PBXBuildFile; fileRef = C02331A44FD06601D6F29F2F /* SparkleUpdater.swift */; };
		CF7183AE19914F23132D4B7B /* FoilUITests.swift in Sources */ = {isa = PBXBuildFile; fileRef = 8F2CF1AB395EEA93848C7E23 /* FoilUITests.swift */; };
		CF862F44B2FD10E5D8399B4B /* LocalPairingBridge.swift in Sources */ = {isa = PBXBuildFile; fileRef = 3358DC46136520D279B35604 /* LocalPairingBridge.swift */; };
		D067B5E430A4CADCCB027370 /* SkyLightBridge.swift in Sources */ = {isa = PBXBuildFile; fileRef = D9F549666C526DB70503ABC3 /* SkyLightBridge.swift */; };
		D258D3CAEB7B5F369532B3D2 /* FoilApp.swift in Sources */ = {isa = PBXBuildFile; fileRef = F5CAE3A8BF36E49174BC28F2 /* FoilApp.swift */; };
		D3430213DB2C6BB19CBFB9AE /* SettingsView.swift in Sources */ = {isa = PBXBuildFile; fileRef = 5D904A4D7FBC8A395289FD4D /* SettingsView.swift */; };
		D5831401E3E6E7776F90AF7A /* BackgroundPaste.swift in Sources */ = {isa = PBXBuildFile; fileRef = 63800E9B4C1E795C7F2D685B /* BackgroundPaste.swift */; };
		D7668BE10136A62C41C99C19 /* KeyRecorderView.swift in Sources */ = {isa = PBXBuildFile; fileRef = 1FE6F79C6A3AF9C47D9303C1 /* KeyRecorderView.swift */; };
		D8A78606C66A2F1F500D126B /* SoundPlayer.swift in Sources */ = {isa = PBXBuildFile; fileRef = B1C99484E73592AE472A500E /* SoundPlayer.swift */; };
		E2473C93C909734E0A3FB53C /* PasteTarget.swift in Sources */ = {isa = PBXBuildFile; fileRef = 2C9A0B9D7199D81E3EDD2D94 /* PasteTarget.swift */; };
		E2CD278A59C28CE3844EEF03 /* KeychainHelperTests.swift in Sources */ = {isa = PBXBuildFile; fileRef = A7358519F3E2A6769C352793 /* KeychainHelperTests.swift */; };
		E531CB6EA49B3A38453B638B /* PasteControllerTests.swift in Sources */ = {isa = PBXBuildFile; fileRef = 49DB8D4D6B7735FCE2DF633D /* PasteControllerTests.swift */; };
		E706E6A6FD6EC6B40FA0E59B /* SingleInstanceGuard.swift in Sources */ = {isa = PBXBuildFile; fileRef = 6A427A267FEC1552AF780F77 /* SingleInstanceGuard.swift */; };
		E7EACF73F60DD83D02D3402A /* RecordingControllerTests.swift in Sources */ = {isa = PBXBuildFile; fileRef = 710C8E6E5101787B41092605 /* RecordingControllerTests.swift */; };
		E9DFE31C32AF14EE22DA3CC6 /* KeyRecorderView.swift in Sources */ = {isa = PBXBuildFile; fileRef = 1FE6F79C6A3AF9C47D9303C1 /* KeyRecorderView.swift */; };
		EEAFEF9A0391FB80B03E3279 /* DiagnosticLog.swift in Sources */ = {isa = PBXBuildFile; fileRef = BA4E42A3A13141C49DB3F43E /* DiagnosticLog.swift */; };
		EF4BC90A0BADB8E6253D41F8 /* PasteQueue.swift in Sources */ = {isa = PBXBuildFile; fileRef = D11974CC7B6FB91A6995E96E /* PasteQueue.swift */; };
		EFB8C04296037997DF29FC10 /* AudioRecording.swift in Sources */ = {isa = PBXBuildFile; fileRef = 67A9BCDEA9A32B88B82ECBFB /* AudioRecording.swift */; };
		F4AE4905E4BD73EE290149E1 /* QueuedPasteTests.swift in Sources */ = {isa = PBXBuildFile; fileRef = AE7BE63282F7FF5CBC7D3CB7 /* QueuedPasteTests.swift */; };
		F4CB0D7926EF7BF09A864360 /* TranscriptProcessingMode.swift in Sources */ = {isa = PBXBuildFile; fileRef = E803837FB3EA2A22B2B8B39B /* TranscriptProcessingMode.swift */; };
		F4E91B203D627970441484DA /* ReleaseNotes.swift in Sources */ = {isa = PBXBuildFile; fileRef = 0364A3EA681FE127352D7A68 /* ReleaseNotes.swift */; };
		F8883D018F1CE3C7C2A5210E /* MenuBarView.swift in Sources */ = {isa = PBXBuildFile; fileRef = 27739EBB5DD5F75EE13FD4AD /* MenuBarView.swift */; };
		F8DC1FE1A420CFC6B3BB5A22 /* SkyLightBridgeTests.swift in Sources */ = {isa = PBXBuildFile; fileRef = 97B66DA84CC88798DC6D35C2 /* SkyLightBridgeTests.swift */; };
		FA9388FDB0D3061233382F07 /* TranscriptionController.swift in Sources */ = {isa = PBXBuildFile; fileRef = EF4CFADF300FD952BFC5CD88 /* TranscriptionController.swift */; };
		FC030216702A7CD717EB9FB7 /* LaunchAtLoginManagerTests.swift in Sources */ = {isa = PBXBuildFile; fileRef = BC9840B2B124AA5A04B332BC /* LaunchAtLoginManagerTests.swift */; };
		FC9EF6175B8086642D9D430C /* BrowserMediaControllerTests.swift in Sources */ = {isa = PBXBuildFile; fileRef = 1F17F9E7C0614F3DEA2AA0E3 /* BrowserMediaControllerTests.swift */; };
		FD0CE27578040CEDD57FD18D /* NotificationManager.swift in Sources */ = {isa = PBXBuildFile; fileRef = FB360C97B9F80456EC061432 /* NotificationManager.swift */; };
		FDD9A6C7629AFACC1C9E052A /* PasteDelivery.swift in Sources */ = {isa = PBXBuildFile; fileRef = D81A99EF8807DE09E2190DED /* PasteDelivery.swift */; };
/* End PBXBuildFile section */

/* Begin PBXContainerItemProxy section */
		55E2EF6A30A082D54BD452A6 /* PBXContainerItemProxy */ = {
			isa = PBXContainerItemProxy;
			containerPortal = 601DAB015FEEAA8E4B6F2879 /* Project object */;
			proxyType = 1;
			remoteGlobalIDString = 581DE751D0A83AEBBA957394;
			remoteInfo = Foil;
		};
		B11A787F4E31489D79251F56 /* PBXContainerItemProxy */ = {
			isa = PBXContainerItemProxy;
			containerPortal = 601DAB015FEEAA8E4B6F2879 /* Project object */;
			proxyType = 1;
			remoteGlobalIDString = 581DE751D0A83AEBBA957394;
			remoteInfo = Foil;
		};
/* End PBXContainerItemProxy section */

/* Begin PBXFileReference section */
		0364A3EA681FE127352D7A68 /* ReleaseNotes.swift */ = {isa = PBXFileReference; lastKnownFileType = sourcecode.swift; path = ReleaseNotes.swift; sourceTree = "<group>"; };
		060256614A30FE900FF0B56C /* TranscriptionService.swift */ = {isa = PBXFileReference; lastKnownFileType = sourcecode.swift; path = TranscriptionService.swift; sourceTree = "<group>"; };
		070000000000000000000001 /* AudioUXSnapshotRenderer.swift */ = {isa = PBXFileReference; lastKnownFileType = sourcecode.swift; path = AudioUXSnapshotRenderer.swift; sourceTree = "<group>"; };
		0662D2B02AF9975FC2DBE4C3 /* QueuedPaste.swift */ = {isa = PBXFileReference; lastKnownFileType = sourcecode.swift; path = QueuedPaste.swift; sourceTree = "<group>"; };
		080000000000000000000009 /* FoilTheme.swift */ = {isa = PBXFileReference; lastKnownFileType = sourcecode.swift; path = FoilTheme.swift; sourceTree = "<group>"; };
		08000000000000000000000A /* FoilAppShellView.swift */ = {isa = PBXFileReference; lastKnownFileType = sourcecode.swift; path = FoilAppShellView.swift; sourceTree = "<group>"; };
		08000000000000000000000B /* FoilSidebarView.swift */ = {isa = PBXFileReference; lastKnownFileType = sourcecode.swift; path = FoilSidebarView.swift; sourceTree = "<group>"; };
		08000000000000000000000C /* FoilHomeView.swift */ = {isa = PBXFileReference; lastKnownFileType = sourcecode.swift; path = FoilHomeView.swift; sourceTree = "<group>"; };
		0B52597228CF4C951BABAF82 /* TranscriptionServiceTests.swift */ = {isa = PBXFileReference; lastKnownFileType = sourcecode.swift; path = TranscriptionServiceTests.swift; sourceTree = "<group>"; };
		0F644DBBB77DAB1C03598705 /* HotkeyMonitorCustomKeyTests.swift */ = {isa = PBXFileReference; lastKnownFileType = sourcecode.swift; path = HotkeyMonitorCustomKeyTests.swift; sourceTree = "<group>"; };
		14AA97DF6B90EC3374D3B78A /* HotkeyMonitorTests.swift */ = {isa = PBXFileReference; lastKnownFileType = sourcecode.swift; path = HotkeyMonitorTests.swift; sourceTree = "<group>"; };
		19D30288C69647D5771735F7 /* TranscriptionHistory.swift */ = {isa = PBXFileReference; lastKnownFileType = sourcecode.swift; path = TranscriptionHistory.swift; sourceTree = "<group>"; };
		1E5EFD290B27002668218ED0 /* SingleInstanceGuardTests.swift */ = {isa = PBXFileReference; lastKnownFileType = sourcecode.swift; path = SingleInstanceGuardTests.swift; sourceTree = "<group>"; };
		1F17F9E7C0614F3DEA2AA0E3 /* BrowserMediaControllerTests.swift */ = {isa = PBXFileReference; lastKnownFileType = sourcecode.swift; path = BrowserMediaControllerTests.swift; sourceTree = "<group>"; };
		1FE6F79C6A3AF9C47D9303C1 /* KeyRecorderView.swift */ = {isa = PBXFileReference; lastKnownFileType = sourcecode.swift; path = KeyRecorderView.swift; sourceTree = "<group>"; };
		247D187523C813DF31F5D304 /* DiagnosticLogTests.swift */ = {isa = PBXFileReference; lastKnownFileType = sourcecode.swift; path = DiagnosticLogTests.swift; sourceTree = "<group>"; };
		27739EBB5DD5F75EE13FD4AD /* MenuBarView.swift */ = {isa = PBXFileReference; lastKnownFileType = sourcecode.swift; path = MenuBarView.swift; sourceTree = "<group>"; };
		2885F1C7852F237A3ABB7279 /* AppState.swift */ = {isa = PBXFileReference; lastKnownFileType = sourcecode.swift; path = AppState.swift; sourceTree = "<group>"; };
		0F3480000000000000000000 /* VocabularyModels.swift */ = {isa = PBXFileReference; lastKnownFileType = sourcecode.swift; path = VocabularyModels.swift; sourceTree = "<group>"; };
		2960830956460C7F3971DD97 /* IntegrationTests.swift */ = {isa = PBXFileReference; lastKnownFileType = sourcecode.swift; path = IntegrationTests.swift; sourceTree = "<group>"; };
		2C9A0B9D7199D81E3EDD2D94 /* PasteTarget.swift */ = {isa = PBXFileReference; lastKnownFileType = sourcecode.swift; path = PasteTarget.swift; sourceTree = "<group>"; };
		3358DC46136520D279B35604 /* LocalPairingBridge.swift */ = {isa = PBXFileReference; lastKnownFileType = sourcecode.swift; path = LocalPairingBridge.swift; sourceTree = "<group>"; };
		3E1BA82958302443A236410E /* Foil.entitlements */ = {isa = PBXFileReference; lastKnownFileType = text.plist.entitlements; path = Foil.entitlements; sourceTree = "<group>"; };
		49DB8D4D6B7735FCE2DF633D /* PasteControllerTests.swift */ = {isa = PBXFileReference; lastKnownFileType = sourcecode.swift; path = PasteControllerTests.swift; sourceTree = "<group>"; };
		4AA1FFF879D76EE5ACA941FD /* TranscriptionHistoryTests.swift */ = {isa = PBXFileReference; lastKnownFileType = sourcecode.swift; path = TranscriptionHistoryTests.swift; sourceTree = "<group>"; };
		4DEA59A7CBAE480770C2FD0A /* BackgroundPasteTests.swift */ = {isa = PBXFileReference; lastKnownFileType = sourcecode.swift; path = BackgroundPasteTests.swift; sourceTree = "<group>"; };
		4EB32DEAE315506B29398AC5 /* HotkeyMonitor.swift */ = {isa = PBXFileReference; lastKnownFileType = sourcecode.swift; path = HotkeyMonitor.swift; sourceTree = "<group>"; };
		5D6496BC0C8BD3B667D8AA3D /* main.swift */ = {isa = PBXFileReference; lastKnownFileType = sourcecode.swift; path = main.swift; sourceTree = "<group>"; };
		5D904A4D7FBC8A395289FD4D /* SettingsView.swift */ = {isa = PBXFileReference; lastKnownFileType = sourcecode.swift; path = SettingsView.swift; sourceTree = "<group>"; };
		62595565EB935349AA70F47C /* DiagnosticLogStub.swift */ = {isa = PBXFileReference; lastKnownFileType = sourcecode.swift; path = DiagnosticLogStub.swift; sourceTree = "<group>"; };
		63800E9B4C1E795C7F2D685B /* BackgroundPaste.swift */ = {isa = PBXFileReference; lastKnownFileType = sourcecode.swift; path = BackgroundPaste.swift; sourceTree = "<group>"; };
		63FF044A9D0CE6F2D31590EE /* RecordingController.swift */ = {isa = PBXFileReference; lastKnownFileType = sourcecode.swift; path = RecordingController.swift; sourceTree = "<group>"; };
		67A9BCDEA9A32B88B82ECBFB /* AudioRecording.swift */ = {isa = PBXFileReference; lastKnownFileType = sourcecode.swift; path = AudioRecording.swift; sourceTree = "<group>"; };
		67E00F29E00B34CE88A13685 /* LocalPairingBridgeTests.swift */ = {isa = PBXFileReference; lastKnownFileType = sourcecode.swift; path = LocalPairingBridgeTests.swift; sourceTree = "<group>"; };
		688F792F32D0F925AADAF98B /* FloatingStatusView.swift */ = {isa = PBXFileReference; lastKnownFileType = sourcecode.swift; path = FloatingStatusView.swift; sourceTree = "<group>"; };
		6A427A267FEC1552AF780F77 /* SingleInstanceGuard.swift */ = {isa = PBXFileReference; lastKnownFileType = sourcecode.swift; path = SingleInstanceGuard.swift; sourceTree = "<group>"; };
		6BC80E15293E61B69A009FE5 /* e2e-test-audio.wav */ = {isa = PBXFileReference; lastKnownFileType = audio.wav; path = "e2e-test-audio.wav"; sourceTree = "<group>"; };
		6FF688548E089D77A4AB6B34 /* PasteController.swift */ = {isa = PBXFileReference; lastKnownFileType = sourcecode.swift; path = PasteController.swift; sourceTree = "<group>"; };
		710C8E6E5101787B41092605 /* RecordingControllerTests.swift */ = {isa = PBXFileReference; lastKnownFileType = sourcecode.swift; path = RecordingControllerTests.swift; sourceTree = "<group>"; };
		759115F0BDA7323B04672F10 /* UITestingController.swift */ = {isa = PBXFileReference; lastKnownFileType = sourcecode.swift; path = UITestingController.swift; sourceTree = "<group>"; };
		7810C870169A2F350194C8BC /* Foil.app */ = {isa = PBXFileReference; explicitFileType = wrapper.application; includeInIndex = 0; path = Foil.app; sourceTree = BUILT_PRODUCTS_DIR; };
		7CB837E3BE88277ED2418E47 /* AppStateTests.swift */ = {isa = PBXFileReference; lastKnownFileType = sourcecode.swift; path = AppStateTests.swift; sourceTree = "<group>"; };
		7CB837E3BE88277ED2418E48 /* AudioUXSnapshotRendererTests.swift */ = {isa = PBXFileReference; lastKnownFileType = sourcecode.swift; path = AudioUXSnapshotRendererTests.swift; sourceTree = "<group>"; };
		7FCD21B9C9281282775BA407 /* Info.plist */ = {isa = PBXFileReference; lastKnownFileType = text.plist; path = Info.plist; sourceTree = "<group>"; };
		826C2645F5087F48D5C2A179 /* KeychainHelper.swift */ = {isa = PBXFileReference; lastKnownFileType = sourcecode.swift; path = KeychainHelper.swift; sourceTree = "<group>"; };
		8F2CF1AB395EEA93848C7E23 /* FoilUITests.swift */ = {isa = PBXFileReference; lastKnownFileType = sourcecode.swift; path = FoilUITests.swift; sourceTree = "<group>"; };
		9281C806CB5154A7EA3CC4A8 /* BluetoothMicGuidance.swift */ = {isa = PBXFileReference; lastKnownFileType = sourcecode.swift; path = BluetoothMicGuidance.swift; sourceTree = "<group>"; };
		97B66DA84CC88798DC6D35C2 /* SkyLightBridgeTests.swift */ = {isa = PBXFileReference; lastKnownFileType = sourcecode.swift; path = SkyLightBridgeTests.swift; sourceTree = "<group>"; };
		97FF72B3615116DE220AE63E /* AppBrand.swift */ = {isa = PBXFileReference; lastKnownFileType = sourcecode.swift; path = AppBrand.swift; sourceTree = "<group>"; };
		9CA845A3541E1CD261B78856 /* Assets.xcassets */ = {isa = PBXFileReference; lastKnownFileType = folder.assetcatalog; path = Assets.xcassets; sourceTree = "<group>"; };
		A0A76AF679701C71D91386DF /* SparkleUpdaterTests.swift */ = {isa = PBXFileReference; lastKnownFileType = sourcecode.swift; path = SparkleUpdaterTests.swift; sourceTree = "<group>"; };
		A7358519F3E2A6769C352793 /* KeychainHelperTests.swift */ = {isa = PBXFileReference; lastKnownFileType = sourcecode.swift; path = KeychainHelperTests.swift; sourceTree = "<group>"; };
		A7E861DAA1088C7A0321CD61 /* NotificationManagerTests.swift */ = {isa = PBXFileReference; lastKnownFileType = sourcecode.swift; path = NotificationManagerTests.swift; sourceTree = "<group>"; };
		AD87483A60981AE4B604B6D9 /* HistoryPopoverView.swift */ = {isa = PBXFileReference; lastKnownFileType = sourcecode.swift; path = HistoryPopoverView.swift; sourceTree = "<group>"; };
		AE7BE63282F7FF5CBC7D3CB7 /* QueuedPasteTests.swift */ = {isa = PBXFileReference; lastKnownFileType = sourcecode.swift; path = QueuedPasteTests.swift; sourceTree = "<group>"; };
		B045B3E3B4ED899DAC113BA8 /* TranscriptionControllerTests.swift */ = {isa = PBXFileReference; lastKnownFileType = sourcecode.swift; path = TranscriptionControllerTests.swift; sourceTree = "<group>"; };
		B1C99484E73592AE472A500E /* SoundPlayer.swift */ = {isa = PBXFileReference; lastKnownFileType = sourcecode.swift; path = SoundPlayer.swift; sourceTree = "<group>"; };
		BA4E42A3A13141C49DB3F43E /* DiagnosticLog.swift */ = {isa = PBXFileReference; lastKnownFileType = sourcecode.swift; path = DiagnosticLog.swift; sourceTree = "<group>"; };
		BC9840B2B124AA5A04B332BC /* LaunchAtLoginManagerTests.swift */ = {isa = PBXFileReference; lastKnownFileType = sourcecode.swift; path = LaunchAtLoginManagerTests.swift; sourceTree = "<group>"; };
		BD619E69CBE8965BA393DEDE /* PasteTargetTests.swift */ = {isa = PBXFileReference; lastKnownFileType = sourcecode.swift; path = PasteTargetTests.swift; sourceTree = "<group>"; };
		C02331A44FD06601D6F29F2F /* SparkleUpdater.swift */ = {isa = PBXFileReference; lastKnownFileType = sourcecode.swift; path = SparkleUpdater.swift; sourceTree = "<group>"; };
		C34EE16D910ED9168E19C26E /* FoilTests.xctest */ = {isa = PBXFileReference; explicitFileType = wrapper.cfbundle; includeInIndex = 0; path = FoilTests.xctest; sourceTree = BUILT_PRODUCTS_DIR; };
		C37D2018A3060BAA54FEAD5F /* E2EAudioStub.swift */ = {isa = PBXFileReference; lastKnownFileType = sourcecode.swift; path = E2EAudioStub.swift; sourceTree = "<group>"; };
		C512FCF657891FCBA6D2CC45 /* AudioRecorderTests.swift */ = {isa = PBXFileReference; lastKnownFileType = sourcecode.swift; path = AudioRecorderTests.swift; sourceTree = "<group>"; };
		CFDFC17490D15EB002D1E247 /* FoilDev.app */ = {isa = PBXFileReference; explicitFileType = wrapper.application; includeInIndex = 0; path = FoilDev.app; sourceTree = BUILT_PRODUCTS_DIR; };
		D061EA95B4BF62DCC4985610 /* TextInserterTests.swift */ = {isa = PBXFileReference; lastKnownFileType = sourcecode.swift; path = TextInserterTests.swift; sourceTree = "<group>"; };
		D115058C08D0B8DA1A2561E1 /* FoilUITests.xctest */ = {isa = PBXFileReference; explicitFileType = wrapper.cfbundle; includeInIndex = 0; path = FoilUITests.xctest; sourceTree = BUILT_PRODUCTS_DIR; };
		D11974CC7B6FB91A6995E96E /* PasteQueue.swift */ = {isa = PBXFileReference; lastKnownFileType = sourcecode.swift; path = PasteQueue.swift; sourceTree = "<group>"; };
		D19A789B66746E17613A8CE0 /* RecordingFlowTests.swift */ = {isa = PBXFileReference; lastKnownFileType = sourcecode.swift; path = RecordingFlowTests.swift; sourceTree = "<group>"; };
		D41C57122B5521CDF8141FB3 /* LanguageTests.swift */ = {isa = PBXFileReference; lastKnownFileType = sourcecode.swift; path = LanguageTests.swift; sourceTree = "<group>"; };
		D81A99EF8807DE09E2190DED /* PasteDelivery.swift */ = {isa = PBXFileReference; lastKnownFileType = sourcecode.swift; path = PasteDelivery.swift; sourceTree = "<group>"; };
		D9BB66A4B3E8AD515CC8EC6E /* FoilE2E */ = {isa = PBXFileReference; includeInIndex = 0; path = FoilE2E; sourceTree = BUILT_PRODUCTS_DIR; };
		D9F549666C526DB70503ABC3 /* SkyLightBridge.swift */ = {isa = PBXFileReference; lastKnownFileType = sourcecode.swift; path = SkyLightBridge.swift; sourceTree = "<group>"; };
		DCD24BC4DA47443BC721760E /* BrowserMediaController.swift */ = {isa = PBXFileReference; lastKnownFileType = sourcecode.swift; path = BrowserMediaController.swift; sourceTree = "<group>"; };
		E5A9C58EE9C1DC967B1D4A4B /* ApiKeySetupView.swift */ = {isa = PBXFileReference; lastKnownFileType = sourcecode.swift; path = ApiKeySetupView.swift; sourceTree = "<group>"; };
		E803837FB3EA2A22B2B8B39B /* TranscriptProcessingMode.swift */ = {isa = PBXFileReference; lastKnownFileType = sourcecode.swift; path = TranscriptProcessingMode.swift; sourceTree = "<group>"; };
		EC0BDAD55705426A125BC56B /* TextInserter.swift */ = {isa = PBXFileReference; lastKnownFileType = sourcecode.swift; path = TextInserter.swift; sourceTree = "<group>"; };
		ED61CBC7DBA1CAC18EAB2E1B /* SoundPlayerTests.swift */ = {isa = PBXFileReference; lastKnownFileType = sourcecode.swift; path = SoundPlayerTests.swift; sourceTree = "<group>"; };
		EF4CFADF300FD952BFC5CD88 /* TranscriptionController.swift */ = {isa = PBXFileReference; lastKnownFileType = sourcecode.swift; path = TranscriptionController.swift; sourceTree = "<group>"; };
		F2D53AE87A34122BFEC5142A /* MockAudioRecorder.swift */ = {isa = PBXFileReference; lastKnownFileType = sourcecode.swift; path = MockAudioRecorder.swift; sourceTree = "<group>"; };
		F39AF7472BB8B732686C48F7 /* OnboardingView.swift */ = {isa = PBXFileReference; lastKnownFileType = sourcecode.swift; path = OnboardingView.swift; sourceTree = "<group>"; };
		F3BB8A2EDEF064389C7217D3 /* PasteQueueTests.swift */ = {isa = PBXFileReference; lastKnownFileType = sourcecode.swift; path = PasteQueueTests.swift; sourceTree = "<group>"; };
		F54E191EBF7B15C911667128 /* HistoryPopoverTests.swift */ = {isa = PBXFileReference; lastKnownFileType = sourcecode.swift; path = HistoryPopoverTests.swift; sourceTree = "<group>"; };
		F5CAE3A8BF36E49174BC28F2 /* FoilApp.swift */ = {isa = PBXFileReference; lastKnownFileType = sourcecode.swift; path = FoilApp.swift; sourceTree = "<group>"; };
		F8BFD5884EB4BB6D2FE2BEBA /* LaunchAtLoginManager.swift */ = {isa = PBXFileReference; lastKnownFileType = sourcecode.swift; path = LaunchAtLoginManager.swift; sourceTree = "<group>"; };
		FB360C97B9F80456EC061432 /* NotificationManager.swift */ = {isa = PBXFileReference; lastKnownFileType = sourcecode.swift; path = NotificationManager.swift; sourceTree = "<group>"; };
		FBB41DD58AA1309C57DBB8BE /* AudioRecorder.swift */ = {isa = PBXFileReference; lastKnownFileType = sourcecode.swift; path = AudioRecorder.swift; sourceTree = "<group>"; };
/* End PBXFileReference section */

/* Begin PBXFrameworksBuildPhase section */
		6BDCCE226E6287D6EA09AD36 /* Frameworks */ = {
			isa = PBXFrameworksBuildPhase;
			buildActionMask = 2147483647;
			files = (
				C7E626646A9278168DEBF966 /* Sparkle in Frameworks */,
			);
			runOnlyForDeploymentPostprocessing = 0;
		};
		9739DBDE21B059A146D09B72 /* Frameworks */ = {
			isa = PBXFrameworksBuildPhase;
			buildActionMask = 2147483647;
			files = (
				47E14DF64BFAC4C4BACFF556 /* Sparkle in Frameworks */,
			);
			runOnlyForDeploymentPostprocessing = 0;
		};
/* End PBXFrameworksBuildPhase section */

/* Begin PBXGroup section */
		354A13AAF6C21B2CF1944369 /* FoilTests */ = {
			isa = PBXGroup;
			children = (
				7CB837E3BE88277ED2418E47 /* AppStateTests.swift */,
				7CB837E3BE88277ED2418E48 /* AudioUXSnapshotRendererTests.swift */,
				C512FCF657891FCBA6D2CC45 /* AudioRecorderTests.swift */,
				4DEA59A7CBAE480770C2FD0A /* BackgroundPasteTests.swift */,
				1F17F9E7C0614F3DEA2AA0E3 /* BrowserMediaControllerTests.swift */,
				247D187523C813DF31F5D304 /* DiagnosticLogTests.swift */,
				F54E191EBF7B15C911667128 /* HistoryPopoverTests.swift */,
				0F644DBBB77DAB1C03598705 /* HotkeyMonitorCustomKeyTests.swift */,
				14AA97DF6B90EC3374D3B78A /* HotkeyMonitorTests.swift */,
				2960830956460C7F3971DD97 /* IntegrationTests.swift */,
				A7358519F3E2A6769C352793 /* KeychainHelperTests.swift */,
				D41C57122B5521CDF8141FB3 /* LanguageTests.swift */,
				BC9840B2B124AA5A04B332BC /* LaunchAtLoginManagerTests.swift */,
				67E00F29E00B34CE88A13685 /* LocalPairingBridgeTests.swift */,
				F2D53AE87A34122BFEC5142A /* MockAudioRecorder.swift */,
				A7E861DAA1088C7A0321CD61 /* NotificationManagerTests.swift */,
				49DB8D4D6B7735FCE2DF633D /* PasteControllerTests.swift */,
				F3BB8A2EDEF064389C7217D3 /* PasteQueueTests.swift */,
				BD619E69CBE8965BA393DEDE /* PasteTargetTests.swift */,
				AE7BE63282F7FF5CBC7D3CB7 /* QueuedPasteTests.swift */,
				710C8E6E5101787B41092605 /* RecordingControllerTests.swift */,
				D19A789B66746E17613A8CE0 /* RecordingFlowTests.swift */,
				1E5EFD290B27002668218ED0 /* SingleInstanceGuardTests.swift */,
				97B66DA84CC88798DC6D35C2 /* SkyLightBridgeTests.swift */,
				ED61CBC7DBA1CAC18EAB2E1B /* SoundPlayerTests.swift */,
				A0A76AF679701C71D91386DF /* SparkleUpdaterTests.swift */,
				D061EA95B4BF62DCC4985610 /* TextInserterTests.swift */,
				B045B3E3B4ED899DAC113BA8 /* TranscriptionControllerTests.swift */,
				4AA1FFF879D76EE5ACA941FD /* TranscriptionHistoryTests.swift */,
				0B52597228CF4C951BABAF82 /* TranscriptionServiceTests.swift */,
			);
			path = FoilTests;
			sourceTree = "<group>";
		};
		4A4CDACBB917F82BEC0A6C87 = {
			isa = PBXGroup;
			children = (
				D89C27DAE9C3B12C208E3F37 /* Foil */,
				52F0E1685E530CFF30B7D6FA /* FoilE2E */,
				354A13AAF6C21B2CF1944369 /* FoilTests */,
				7669BB3D10994A18B4850CE6 /* FoilUITests */,
				613261677E39DFEC19C82161 /* Products */,
			);
			sourceTree = "<group>";
		};
		52F0E1685E530CFF30B7D6FA /* FoilE2E */ = {
			isa = PBXGroup;
			children = (
				62595565EB935349AA70F47C /* DiagnosticLogStub.swift */,
				5D6496BC0C8BD3B667D8AA3D /* main.swift */,
			);
			path = FoilE2E;
			sourceTree = "<group>";
		};
		613261677E39DFEC19C82161 /* Products */ = {
			isa = PBXGroup;
			children = (
				7810C870169A2F350194C8BC /* Foil.app */,
				CFDFC17490D15EB002D1E247 /* FoilDev.app */,
				D9BB66A4B3E8AD515CC8EC6E /* FoilE2E */,
				C34EE16D910ED9168E19C26E /* FoilTests.xctest */,
				D115058C08D0B8DA1A2561E1 /* FoilUITests.xctest */,
			);
			name = Products;
			sourceTree = "<group>";
		};
		7669BB3D10994A18B4850CE6 /* FoilUITests */ = {
			isa = PBXGroup;
			children = (
				8F2CF1AB395EEA93848C7E23 /* FoilUITests.swift */,
			);
			path = FoilUITests;
			sourceTree = "<group>";
		};
		D89C27DAE9C3B12C208E3F37 /* Foil */ = {
			isa = PBXGroup;
			children = (
				E5A9C58EE9C1DC967B1D4A4B /* ApiKeySetupView.swift */,
				97FF72B3615116DE220AE63E /* AppBrand.swift */,
				2885F1C7852F237A3ABB7279 /* AppState.swift */,
				070000000000000000000001 /* AudioUXSnapshotRenderer.swift */,
				9CA845A3541E1CD261B78856 /* Assets.xcassets */,
				FBB41DD58AA1309C57DBB8BE /* AudioRecorder.swift */,
				67A9BCDEA9A32B88B82ECBFB /* AudioRecording.swift */,
				63800E9B4C1E795C7F2D685B /* BackgroundPaste.swift */,
				9281C806CB5154A7EA3CC4A8 /* BluetoothMicGuidance.swift */,
				DCD24BC4DA47443BC721760E /* BrowserMediaController.swift */,
				BA4E42A3A13141C49DB3F43E /* DiagnosticLog.swift */,
				6BC80E15293E61B69A009FE5 /* e2e-test-audio.wav */,
				C37D2018A3060BAA54FEAD5F /* E2EAudioStub.swift */,
				688F792F32D0F925AADAF98B /* FloatingStatusView.swift */,
				3E1BA82958302443A236410E /* Foil.entitlements */,
				08000000000000000000000A /* FoilAppShellView.swift */,
				F5CAE3A8BF36E49174BC28F2 /* FoilApp.swift */,
				08000000000000000000000C /* FoilHomeView.swift */,
				08000000000000000000000B /* FoilSidebarView.swift */,
				080000000000000000000009 /* FoilTheme.swift */,
				AD87483A60981AE4B604B6D9 /* HistoryPopoverView.swift */,
				4EB32DEAE315506B29398AC5 /* HotkeyMonitor.swift */,
				7FCD21B9C9281282775BA407 /* Info.plist */,
				826C2645F5087F48D5C2A179 /* KeychainHelper.swift */,
				1FE6F79C6A3AF9C47D9303C1 /* KeyRecorderView.swift */,
				F8BFD5884EB4BB6D2FE2BEBA /* LaunchAtLoginManager.swift */,
				3358DC46136520D279B35604 /* LocalPairingBridge.swift */,
				27739EBB5DD5F75EE13FD4AD /* MenuBarView.swift */,
				FB360C97B9F80456EC061432 /* NotificationManager.swift */,
				F39AF7472BB8B732686C48F7 /* OnboardingView.swift */,
				6FF688548E089D77A4AB6B34 /* PasteController.swift */,
				D81A99EF8807DE09E2190DED /* PasteDelivery.swift */,
				D11974CC7B6FB91A6995E96E /* PasteQueue.swift */,
				2C9A0B9D7199D81E3EDD2D94 /* PasteTarget.swift */,
				0662D2B02AF9975FC2DBE4C3 /* QueuedPaste.swift */,
				63FF044A9D0CE6F2D31590EE /* RecordingController.swift */,
				0364A3EA681FE127352D7A68 /* ReleaseNotes.swift */,
				5D904A4D7FBC8A395289FD4D /* SettingsView.swift */,
				6A427A267FEC1552AF780F77 /* SingleInstanceGuard.swift */,
				D9F549666C526DB70503ABC3 /* SkyLightBridge.swift */,
				B1C99484E73592AE472A500E /* SoundPlayer.swift */,
				C02331A44FD06601D6F29F2F /* SparkleUpdater.swift */,
				EC0BDAD55705426A125BC56B /* TextInserter.swift */,
				EF4CFADF300FD952BFC5CD88 /* TranscriptionController.swift */,
				19D30288C69647D5771735F7 /* TranscriptionHistory.swift */,
				060256614A30FE900FF0B56C /* TranscriptionService.swift */,
				E803837FB3EA2A22B2B8B39B /* TranscriptProcessingMode.swift */,
				759115F0BDA7323B04672F10 /* UITestingController.swift */,
				0F3480000000000000000000 /* VocabularyModels.swift */,
			);
			path = Foil;
			sourceTree = "<group>";
		};
/* End PBXGroup section */

/* Begin PBXNativeTarget section */
		0FA7DADBC897D22BE2A9E4C1 /* FoilDev */ = {
			isa = PBXNativeTarget;
			buildConfigurationList = 2183160AA7B23EBBF9932166 /* Build configuration list for PBXNativeTarget "FoilDev" */;
			buildPhases = (
				412DF480F2883932EDEA7F00 /* Sources */,
				2FE8C451891692E9E0D87487 /* Resources */,
				9739DBDE21B059A146D09B72 /* Frameworks */,
			);
			buildRules = (
			);
			dependencies = (
			);
			name = FoilDev;
			packageProductDependencies = (
				B80C0B52EA672D241F3F4AC1 /* Sparkle */,
			);
			productName = FoilDev;
			productReference = CFDFC17490D15EB002D1E247 /* FoilDev.app */;
			productType = "com.apple.product-type.application";
		};
		11FF3C01C88B1012FA4474C4 /* FoilUITests */ = {
			isa = PBXNativeTarget;
			buildConfigurationList = 4051552946DAF109B7D1ADD5 /* Build configuration list for PBXNativeTarget "FoilUITests" */;
			buildPhases = (
				5A963C0F3EF49C3A1BBE2DC7 /* Sources */,
			);
			buildRules = (
			);
			dependencies = (
				39AFF7A6874EA9BEFB094359 /* PBXTargetDependency */,
			);
			name = FoilUITests;
			packageProductDependencies = (
			);
			productName = FoilUITests;
			productReference = D115058C08D0B8DA1A2561E1 /* FoilUITests.xctest */;
			productType = "com.apple.product-type.bundle.ui-testing";
		};
		25557AB62E25DE8A7A32DDEC /* FoilE2E */ = {
			isa = PBXNativeTarget;
			buildConfigurationList = 6DE75D4807485355D3318DF0 /* Build configuration list for PBXNativeTarget "FoilE2E" */;
			buildPhases = (
				8F2B38FB76FF4800578D9363 /* Sources */,
			);
			buildRules = (
			);
			dependencies = (
			);
			name = FoilE2E;
			packageProductDependencies = (
			);
			productName = FoilE2E;
			productReference = D9BB66A4B3E8AD515CC8EC6E /* FoilE2E */;
			productType = "com.apple.product-type.tool";
		};
		581DE751D0A83AEBBA957394 /* Foil */ = {
			isa = PBXNativeTarget;
			buildConfigurationList = 7CA60B5D43141F4E23677578 /* Build configuration list for PBXNativeTarget "Foil" */;
			buildPhases = (
				BFFDDC794F2946AE6214E604 /* Sources */,
				00CF1FBDB61FF804CA303127 /* Resources */,
				6BDCCE226E6287D6EA09AD36 /* Frameworks */,
			);
			buildRules = (
			);
			dependencies = (
			);
			name = Foil;
			packageProductDependencies = (
				A57AD04028DD144B73C7A677 /* Sparkle */,
			);
			productName = Foil;
			productReference = 7810C870169A2F350194C8BC /* Foil.app */;
			productType = "com.apple.product-type.application";
		};
		93F8A3D6D633571C2ACD6A72 /* FoilTests */ = {
			isa = PBXNativeTarget;
			buildConfigurationList = E9B5E64FBABB1F8D8015D0E9 /* Build configuration list for PBXNativeTarget "FoilTests" */;
			buildPhases = (
				B47147F572F0E7349E6BAAF0 /* Sources */,
			);
			buildRules = (
			);
			dependencies = (
				244EEA693E3760054AAA3BE7 /* PBXTargetDependency */,
			);
			name = FoilTests;
			packageProductDependencies = (
			);
			productName = FoilTests;
			productReference = C34EE16D910ED9168E19C26E /* FoilTests.xctest */;
			productType = "com.apple.product-type.bundle.unit-test";
		};
/* End PBXNativeTarget section */

/* Begin PBXProject section */
		601DAB015FEEAA8E4B6F2879 /* Project object */ = {
			isa = PBXProject;
			attributes = {
				BuildIndependentTargetsInParallel = YES;
				LastUpgradeCheck = 1430;
				TargetAttributes = {
					11FF3C01C88B1012FA4474C4 = {
						TestTargetID = 581DE751D0A83AEBBA957394;
					};
				};
			};
			buildConfigurationList = 68C7D889C98278A9E85138C8 /* Build configuration list for PBXProject "Foil" */;
			developmentRegion = en;
			hasScannedForEncodings = 0;
			knownRegions = (
				Base,
				en,
			);
			mainGroup = 4A4CDACBB917F82BEC0A6C87;
			minimizedProjectReferenceProxies = 1;
			packageReferences = (
				D94BCF12C21D53448DB46B35 /* XCRemoteSwiftPackageReference "Sparkle" */,
			);
			preferredProjectObjectVersion = 77;
			productRefGroup = 613261677E39DFEC19C82161 /* Products */;
			projectDirPath = "";
			projectRoot = "";
			targets = (
				581DE751D0A83AEBBA957394 /* Foil */,
				0FA7DADBC897D22BE2A9E4C1 /* FoilDev */,
				25557AB62E25DE8A7A32DDEC /* FoilE2E */,
				93F8A3D6D633571C2ACD6A72 /* FoilTests */,
				11FF3C01C88B1012FA4474C4 /* FoilUITests */,
			);
		};
/* End PBXProject section */

/* Begin PBXResourcesBuildPhase section */
		00CF1FBDB61FF804CA303127 /* Resources */ = {
			isa = PBXResourcesBuildPhase;
			buildActionMask = 2147483647;
			files = (
				21FE2DF4225B08260946DB8A /* Assets.xcassets in Resources */,
				05A314A215207979802121EB /* e2e-test-audio.wav in Resources */,
			);
			runOnlyForDeploymentPostprocessing = 0;
		};
		2FE8C451891692E9E0D87487 /* Resources */ = {
			isa = PBXResourcesBuildPhase;
			buildActionMask = 2147483647;
			files = (
				147610C85AA8283044F4C0DE /* Assets.xcassets in Resources */,
				16E29CBD96B72F5C0BC0B2DA /* e2e-test-audio.wav in Resources */,
			);
			runOnlyForDeploymentPostprocessing = 0;
		};
/* End PBXResourcesBuildPhase section */

/* Begin PBXSourcesBuildPhase section */
		412DF480F2883932EDEA7F00 /* Sources */ = {
			isa = PBXSourcesBuildPhase;
			buildActionMask = 2147483647;
			files = (
				6F9F6A0151E1001975DEAA94 /* ApiKeySetupView.swift in Sources */,
				B5F167F335C4B956863664E8 /* AppBrand.swift in Sources */,
				A68B7F1749B5EF9BE449C5D7 /* AppState.swift in Sources */,
				070000000000000000000002 /* AudioUXSnapshotRenderer.swift in Sources */,
				4A3E782E92BFDAA86A35CB16 /* AudioRecorder.swift in Sources */,
				8845ADE5233E2D1ACF6FCB5F /* AudioRecording.swift in Sources */,
				D5831401E3E6E7776F90AF7A /* BackgroundPaste.swift in Sources */,
				345D4A4B4560E9ADBEE9167A /* BluetoothMicGuidance.swift in Sources */,
				3F0437C92AD041B843744D4A /* BrowserMediaController.swift in Sources */,
				BE823D06D669BCA2449B6E91 /* DiagnosticLog.swift in Sources */,
				516896CBD235F4B2137ADB13 /* E2EAudioStub.swift in Sources */,
				0DEDD41CD5E295C680B06F72 /* FloatingStatusView.swift in Sources */,
				080000000000000000000003 /* FoilAppShellView.swift in Sources */,
				D258D3CAEB7B5F369532B3D2 /* FoilApp.swift in Sources */,
				080000000000000000000007 /* FoilHomeView.swift in Sources */,
				080000000000000000000005 /* FoilSidebarView.swift in Sources */,
				080000000000000000000001 /* FoilTheme.swift in Sources */,
				37524AE7AAC412DE61A82E90 /* HistoryPopoverView.swift in Sources */,
				C8B129926686C907C91F224F /* HotkeyMonitor.swift in Sources */,
				E9DFE31C32AF14EE22DA3CC6 /* KeyRecorderView.swift in Sources */,
				1AA4138F265D9B427C4F0D41 /* KeychainHelper.swift in Sources */,
				8F69B461ADD99BCB568F3C3C /* LaunchAtLoginManager.swift in Sources */,
				CF862F44B2FD10E5D8399B4B /* LocalPairingBridge.swift in Sources */,
				F8883D018F1CE3C7C2A5210E /* MenuBarView.swift in Sources */,
				32EA4FB0BB80F4CAD18029BA /* NotificationManager.swift in Sources */,
				8102310D4676435269AF0019 /* OnboardingView.swift in Sources */,
				9864DAA0A922F633A1E2A239 /* PasteController.swift in Sources */,
				87178415B357D9CEB83927CB /* PasteDelivery.swift in Sources */,
				7893CE31BB38390F51CC7264 /* PasteQueue.swift in Sources */,
				2FD5A6D72A2ED7911D732BAB /* PasteTarget.swift in Sources */,
				70A84AF338A09D22CCA99462 /* QueuedPaste.swift in Sources */,
				B8D7579ACE777842C06A05C4 /* RecordingController.swift in Sources */,
				0DF540CE9ABDBDBCE6876628 /* ReleaseNotes.swift in Sources */,
				D3430213DB2C6BB19CBFB9AE /* SettingsView.swift in Sources */,
				2D9054D3894DD2578C5568D3 /* SingleInstanceGuard.swift in Sources */,
				D067B5E430A4CADCCB027370 /* SkyLightBridge.swift in Sources */,
				D8A78606C66A2F1F500D126B /* SoundPlayer.swift in Sources */,
				CEB37A6E993CFBDFA1D23B79 /* SparkleUpdater.swift in Sources */,
				1EBD644C1C3E9D67AB4EFF63 /* TextInserter.swift in Sources */,
				F4CB0D7926EF7BF09A864360 /* TranscriptProcessingMode.swift in Sources */,
				FA9388FDB0D3061233382F07 /* TranscriptionController.swift in Sources */,
				C833F707535C1034E608BAB8 /* TranscriptionHistory.swift in Sources */,
				88528D5D5DAA5A0EEBA8A90F /* TranscriptionService.swift in Sources */,
				2232086C37CAB700E925D4E6 /* UITestingController.swift in Sources */,
				0F3480000000000000000002 /* VocabularyModels.swift in Sources */,
			);
			runOnlyForDeploymentPostprocessing = 0;
		};
		5A963C0F3EF49C3A1BBE2DC7 /* Sources */ = {
			isa = PBXSourcesBuildPhase;
			buildActionMask = 2147483647;
			files = (
				CF7183AE19914F23132D4B7B /* FoilUITests.swift in Sources */,
			);
			runOnlyForDeploymentPostprocessing = 0;
		};
		8F2B38FB76FF4800578D9363 /* Sources */ = {
			isa = PBXSourcesBuildPhase;
			buildActionMask = 2147483647;
			files = (
				C64FB5CA697C6F37774A01D5 /* AppBrand.swift in Sources */,
				2860B0ED627B5F6DC6428437 /* AudioRecorder.swift in Sources */,
				EFB8C04296037997DF29FC10 /* AudioRecording.swift in Sources */,
				57829234426F8D50B2FEDB96 /* DiagnosticLogStub.swift in Sources */,
				277A2A9FB0208D3A1511DF21 /* TranscriptProcessingMode.swift in Sources */,
				4F9A790BA7CDF0FE1AF66BFE /* TranscriptionService.swift in Sources */,
				0F3480000000000000000003 /* VocabularyModels.swift in Sources */,
				C5B9851BF2E4346B398CB506 /* main.swift in Sources */,
			);
			runOnlyForDeploymentPostprocessing = 0;
		};
		B47147F572F0E7349E6BAAF0 /* Sources */ = {
			isa = PBXSourcesBuildPhase;
			buildActionMask = 2147483647;
			files = (
				6E188014C7882845ECD1BE40 /* AppStateTests.swift in Sources */,
				070000000000000000000004 /* AudioUXSnapshotRendererTests.swift in Sources */,
				44D19A8C12249D516CEBB0BD /* AudioRecorderTests.swift in Sources */,
				B61AEA9FFD687455D0C2E107 /* BackgroundPasteTests.swift in Sources */,
				FC9EF6175B8086642D9D430C /* BrowserMediaControllerTests.swift in Sources */,
				75CA470A59822D5E262AD086 /* DiagnosticLogTests.swift in Sources */,
				3F65C3FD8E31B9E77F4BE213 /* HistoryPopoverTests.swift in Sources */,
				00CB10F95B63B1FA9B856B25 /* HotkeyMonitorCustomKeyTests.swift in Sources */,
				47FC0750CB14F5A720AB6852 /* HotkeyMonitorTests.swift in Sources */,
				B0175C32EE3BC165E75FF794 /* IntegrationTests.swift in Sources */,
				E2CD278A59C28CE3844EEF03 /* KeychainHelperTests.swift in Sources */,
				8602C7A34CB017AEDB553425 /* LanguageTests.swift in Sources */,
				FC030216702A7CD717EB9FB7 /* LaunchAtLoginManagerTests.swift in Sources */,
				244425410F823A0F1071AA4D /* LocalPairingBridgeTests.swift in Sources */,
				37F411155FFC301371EE028D /* MockAudioRecorder.swift in Sources */,
				234F2F90D1E597EA307E8732 /* NotificationManagerTests.swift in Sources */,
				E531CB6EA49B3A38453B638B /* PasteControllerTests.swift in Sources */,
				B0B430FF25C3347FB8B18DF4 /* PasteQueueTests.swift in Sources */,
				85CD14B9391194AB86E29FAC /* PasteTargetTests.swift in Sources */,
				F4AE4905E4BD73EE290149E1 /* QueuedPasteTests.swift in Sources */,
				E7EACF73F60DD83D02D3402A /* RecordingControllerTests.swift in Sources */,
				71EC49010F5A173AD53D2801 /* RecordingFlowTests.swift in Sources */,
				BB16CEA2564E8085D975CEE6 /* SingleInstanceGuardTests.swift in Sources */,
				F8DC1FE1A420CFC6B3BB5A22 /* SkyLightBridgeTests.swift in Sources */,
				36D84C1EC03B75D46F44CC3D /* SoundPlayerTests.swift in Sources */,
				18DD89347C1197FA97A1F18F /* SparkleUpdaterTests.swift in Sources */,
				73FDB731D5A5A0380A9B7775 /* TextInserterTests.swift in Sources */,
				940F52AA1222D646682E9272 /* TranscriptionControllerTests.swift in Sources */,
				2D79AE49C55FFCECF3276C5E /* TranscriptionHistoryTests.swift in Sources */,
				A91F032E35B4107C9FAA27BB /* TranscriptionServiceTests.swift in Sources */,
			);
			runOnlyForDeploymentPostprocessing = 0;
		};
		BFFDDC794F2946AE6214E604 /* Sources */ = {
			isa = PBXSourcesBuildPhase;
			buildActionMask = 2147483647;
			files = (
				A8F8EFF34B0931D55AF5D356 /* ApiKeySetupView.swift in Sources */,
				A7E838C401BF31358D130982 /* AppBrand.swift in Sources */,
				8A381141531C79C84B62887D /* AppState.swift in Sources */,
				070000000000000000000003 /* AudioUXSnapshotRenderer.swift in Sources */,
				603F4806C884C5B13B3DC3CD /* AudioRecorder.swift in Sources */,
				2FC5CA864A6935F0624F7165 /* AudioRecording.swift in Sources */,
				9B6A5E8BCADDA3926CC653FF /* BackgroundPaste.swift in Sources */,
				12D8611C108842AB0D4336FA /* BluetoothMicGuidance.swift in Sources */,
				CB0DE8591C6B5875964E04DA /* BrowserMediaController.swift in Sources */,
				EEAFEF9A0391FB80B03E3279 /* DiagnosticLog.swift in Sources */,
				CC9F3C6B5C00A2CC5D75A390 /* E2EAudioStub.swift in Sources */,
				3FA490B8625B0BCE0901863E /* FloatingStatusView.swift in Sources */,
				080000000000000000000004 /* FoilAppShellView.swift in Sources */,
				CE5DFBD289E04F8FD0874B04 /* FoilApp.swift in Sources */,
				080000000000000000000008 /* FoilHomeView.swift in Sources */,
				080000000000000000000006 /* FoilSidebarView.swift in Sources */,
				080000000000000000000002 /* FoilTheme.swift in Sources */,
				8A93D34AF94C2EEF846CA5E5 /* HistoryPopoverView.swift in Sources */,
				286EC4F37A8EA41187107E14 /* HotkeyMonitor.swift in Sources */,
				D7668BE10136A62C41C99C19 /* KeyRecorderView.swift in Sources */,
				CC944ED1447904362646AFA1 /* KeychainHelper.swift in Sources */,
				7E58AA1B4E1BCCE0F254650B /* LaunchAtLoginManager.swift in Sources */,
				8042AD12D3CEF28C42DACC48 /* LocalPairingBridge.swift in Sources */,
				776833DCC10AC8B3CFFB405E /* MenuBarView.swift in Sources */,
				FD0CE27578040CEDD57FD18D /* NotificationManager.swift in Sources */,
				23F11BC0282109C593A41068 /* OnboardingView.swift in Sources */,
				2F52F0711B2DE1856200F448 /* PasteController.swift in Sources */,
				FDD9A6C7629AFACC1C9E052A /* PasteDelivery.swift in Sources */,
				EF4BC90A0BADB8E6253D41F8 /* PasteQueue.swift in Sources */,
				E2473C93C909734E0A3FB53C /* PasteTarget.swift in Sources */,
				32CC4E3E4AE3C3C87E81BEE6 /* QueuedPaste.swift in Sources */,
				71A87747EAF65AAA90597F35 /* RecordingController.swift in Sources */,
				F4E91B203D627970441484DA /* ReleaseNotes.swift in Sources */,
				9C3D323F79A052130557ACC5 /* SettingsView.swift in Sources */,
				E706E6A6FD6EC6B40FA0E59B /* SingleInstanceGuard.swift in Sources */,
				5FB3FD6E5C9097384B00C580 /* SkyLightBridge.swift in Sources */,
				2E4A5A6D3AA6F73AF4929340 /* SoundPlayer.swift in Sources */,
				C47613979CF524B00B0CCA77 /* SparkleUpdater.swift in Sources */,
				CE0AD9D9BE6261D1E56C7CDC /* TextInserter.swift in Sources */,
				20C3FB641F7FE06C87FAEEF4 /* TranscriptProcessingMode.swift in Sources */,
				6E1C6943977DA247E65EC991 /* TranscriptionController.swift in Sources */,
				1EAF0620CC3E962C99F1CED8 /* TranscriptionHistory.swift in Sources */,
				0A6863A7DC18F10FEC34F722 /* TranscriptionService.swift in Sources */,
				7693C29B2106FECE776E6316 /* UITestingController.swift in Sources */,
				0F3480000000000000000001 /* VocabularyModels.swift in Sources */,
			);
			runOnlyForDeploymentPostprocessing = 0;
		};
/* End PBXSourcesBuildPhase section */

/* Begin PBXTargetDependency section */
		244EEA693E3760054AAA3BE7 /* PBXTargetDependency */ = {
			isa = PBXTargetDependency;
			target = 581DE751D0A83AEBBA957394 /* Foil */;
			targetProxy = 55E2EF6A30A082D54BD452A6 /* PBXContainerItemProxy */;
		};
		39AFF7A6874EA9BEFB094359 /* PBXTargetDependency */ = {
			isa = PBXTargetDependency;
			target = 581DE751D0A83AEBBA957394 /* Foil */;
			targetProxy = B11A787F4E31489D79251F56 /* PBXContainerItemProxy */;
		};
/* End PBXTargetDependency section */

/* Begin XCBuildConfiguration section */
		51CCFAEC77AF3433E1E78FBE /* Release */ = {
			isa = XCBuildConfiguration;
			buildSettings = {
				BUNDLE_LOADER = "$(TEST_HOST)";
				CODE_SIGN_IDENTITY = "-";
				COMBINE_HIDPI_IMAGES = YES;
				GENERATE_INFOPLIST_FILE = YES;
				LD_RUNPATH_SEARCH_PATHS = (
					"$(inherited)",
					"@executable_path/Frameworks",
					"@loader_path/Frameworks",
				);
				PRODUCT_BUNDLE_IDENTIFIER = com.neonwatty.FoilUITests;
				SDKROOT = macosx;
				TEST_TARGET_NAME = Foil;
			};
			name = Release;
		};
		5734567C299D73169171ABEF /* Release */ = {
			isa = XCBuildConfiguration;
			buildSettings = {
				ASSETCATALOG_COMPILER_APPICON_NAME = AppIcon;
				CODE_SIGN_ENTITLEMENTS = Foil/Foil.entitlements;
				CODE_SIGN_IDENTITY = "-";
				COMBINE_HIDPI_IMAGES = YES;
				CURRENT_PROJECT_VERSION = 45;
				ENABLE_HARDENED_RUNTIME = YES;
				INFOPLIST_FILE = Foil/Info.plist;
				LD_RUNPATH_SEARCH_PATHS = (
					"$(inherited)",
					"@executable_path/../Frameworks",
				);
				MARKETING_VERSION = 1.13.10;
				PRODUCT_BUNDLE_IDENTIFIER = com.neonwatty.Foil.Dev;
				PRODUCT_MODULE_NAME = Foil;
				PRODUCT_NAME = "Foil Dev";
				SDKROOT = macosx;
			};
			name = Release;
		};
		67B2868A79F896F73C378D9B /* Release */ = {
			isa = XCBuildConfiguration;
			buildSettings = {
				CODE_SIGNING_ALLOWED = NO;
				CODE_SIGN_IDENTITY = "-";
				COMBINE_HIDPI_IMAGES = YES;
				LD_RUNPATH_SEARCH_PATHS = (
					"$(inherited)",
					"@executable_path/../Frameworks",
				);
				PRODUCT_BUNDLE_IDENTIFIER = com.neonwatty.FoilE2E;
				SDKROOT = macosx;
			};
			name = Release;
		};
		70CD39369E53D6B3032A3BEF /* Debug */ = {
			isa = XCBuildConfiguration;
			buildSettings = {
				CODE_SIGNING_ALLOWED = NO;
				CODE_SIGN_IDENTITY = "-";
				COMBINE_HIDPI_IMAGES = YES;
				LD_RUNPATH_SEARCH_PATHS = (
					"$(inherited)",
					"@executable_path/../Frameworks",
				);
				PRODUCT_BUNDLE_IDENTIFIER = com.neonwatty.FoilE2E;
				SDKROOT = macosx;
			};
			name = Debug;
		};
		724B91CD3F2947CD00FD2080 /* Debug */ = {
			isa = XCBuildConfiguration;
			buildSettings = {
				ALWAYS_SEARCH_USER_PATHS = NO;
				CLANG_ANALYZER_NONNULL = YES;
				CLANG_ANALYZER_NUMBER_OBJECT_CONVERSION = YES_AGGRESSIVE;
				CLANG_CXX_LANGUAGE_STANDARD = "gnu++14";
				CLANG_CXX_LIBRARY = "libc++";
				CLANG_ENABLE_MODULES = YES;
				CLANG_ENABLE_OBJC_ARC = YES;
				CLANG_ENABLE_OBJC_WEAK = YES;
				CLANG_WARN_BLOCK_CAPTURE_AUTORELEASING = YES;
				CLANG_WARN_BOOL_CONVERSION = YES;
				CLANG_WARN_COMMA = YES;
				CLANG_WARN_CONSTANT_CONVERSION = YES;
				CLANG_WARN_DEPRECATED_OBJC_IMPLEMENTATIONS = YES;
				CLANG_WARN_DIRECT_OBJC_ISA_USAGE = YES_ERROR;
				CLANG_WARN_DOCUMENTATION_COMMENTS = YES;
				CLANG_WARN_EMPTY_BODY = YES;
				CLANG_WARN_ENUM_CONVERSION = YES;
				CLANG_WARN_INFINITE_RECURSION = YES;
				CLANG_WARN_INT_CONVERSION = YES;
				CLANG_WARN_NON_LITERAL_NULL_CONVERSION = YES;
				CLANG_WARN_OBJC_IMPLICIT_RETAIN_SELF = YES;
				CLANG_WARN_OBJC_LITERAL_CONVERSION = YES;
				CLANG_WARN_OBJC_ROOT_CLASS = YES_ERROR;
				CLANG_WARN_QUOTED_INCLUDE_IN_FRAMEWORK_HEADER = YES;
				CLANG_WARN_RANGE_LOOP_ANALYSIS = YES;
				CLANG_WARN_STRICT_PROTOTYPES = YES;
				CLANG_WARN_SUSPICIOUS_MOVE = YES;
				CLANG_WARN_UNGUARDED_AVAILABILITY = YES_AGGRESSIVE;
				CLANG_WARN_UNREACHABLE_CODE = YES;
				CLANG_WARN__DUPLICATE_METHOD_MATCH = YES;
				COPY_PHASE_STRIP = NO;
				DEBUG_INFORMATION_FORMAT = dwarf;
				ENABLE_STRICT_OBJC_MSGSEND = YES;
				ENABLE_TESTABILITY = YES;
				GCC_C_LANGUAGE_STANDARD = gnu11;
				GCC_DYNAMIC_NO_PIC = NO;
				GCC_NO_COMMON_BLOCKS = YES;
				GCC_OPTIMIZATION_LEVEL = 0;
				GCC_PREPROCESSOR_DEFINITIONS = (
					"$(inherited)",
					"DEBUG=1",
				);
				GCC_WARN_64_TO_32_BIT_CONVERSION = YES;
				GCC_WARN_ABOUT_RETURN_TYPE = YES_ERROR;
				GCC_WARN_UNDECLARED_SELECTOR = YES;
				GCC_WARN_UNINITIALIZED_AUTOS = YES_AGGRESSIVE;
				GCC_WARN_UNUSED_FUNCTION = YES;
				GCC_WARN_UNUSED_VARIABLE = YES;
				MACOSX_DEPLOYMENT_TARGET = 14.0;
				MTL_ENABLE_DEBUG_INFO = INCLUDE_SOURCE;
				MTL_FAST_MATH = YES;
				ONLY_ACTIVE_ARCH = YES;
				PRODUCT_NAME = "$(TARGET_NAME)";
				SDKROOT = macosx;
				SWIFT_ACTIVE_COMPILATION_CONDITIONS = DEBUG;
				SWIFT_OPTIMIZATION_LEVEL = "-Onone";
				SWIFT_VERSION = 5.0;
			};
			name = Debug;
		};
		7B51C26FFA1BDB7DB4CB64BA /* Release */ = {
			isa = XCBuildConfiguration;
			buildSettings = {
				ALWAYS_SEARCH_USER_PATHS = NO;
				CLANG_ANALYZER_NONNULL = YES;
				CLANG_ANALYZER_NUMBER_OBJECT_CONVERSION = YES_AGGRESSIVE;
				CLANG_CXX_LANGUAGE_STANDARD = "gnu++14";
				CLANG_CXX_LIBRARY = "libc++";
				CLANG_ENABLE_MODULES = YES;
				CLANG_ENABLE_OBJC_ARC = YES;
				CLANG_ENABLE_OBJC_WEAK = YES;
				CLANG_WARN_BLOCK_CAPTURE_AUTORELEASING = YES;
				CLANG_WARN_BOOL_CONVERSION = YES;
				CLANG_WARN_COMMA = YES;
				CLANG_WARN_CONSTANT_CONVERSION = YES;
				CLANG_WARN_DEPRECATED_OBJC_IMPLEMENTATIONS = YES;
				CLANG_WARN_DIRECT_OBJC_ISA_USAGE = YES_ERROR;
				CLANG_WARN_DOCUMENTATION_COMMENTS = YES;
				CLANG_WARN_EMPTY_BODY = YES;
				CLANG_WARN_ENUM_CONVERSION = YES;
				CLANG_WARN_INFINITE_RECURSION = YES;
				CLANG_WARN_INT_CONVERSION = YES;
				CLANG_WARN_NON_LITERAL_NULL_CONVERSION = YES;
				CLANG_WARN_OBJC_IMPLICIT_RETAIN_SELF = YES;
				CLANG_WARN_OBJC_LITERAL_CONVERSION = YES;
				CLANG_WARN_OBJC_ROOT_CLASS = YES_ERROR;
				CLANG_WARN_QUOTED_INCLUDE_IN_FRAMEWORK_HEADER = YES;
				CLANG_WARN_RANGE_LOOP_ANALYSIS = YES;
				CLANG_WARN_STRICT_PROTOTYPES = YES;
				CLANG_WARN_SUSPICIOUS_MOVE = YES;
				CLANG_WARN_UNGUARDED_AVAILABILITY = YES_AGGRESSIVE;
				CLANG_WARN_UNREACHABLE_CODE = YES;
				CLANG_WARN__DUPLICATE_METHOD_MATCH = YES;
				COPY_PHASE_STRIP = NO;
				DEBUG_INFORMATION_FORMAT = "dwarf-with-dsym";
				ENABLE_NS_ASSERTIONS = NO;
				ENABLE_STRICT_OBJC_MSGSEND = YES;
				GCC_C_LANGUAGE_STANDARD = gnu11;
				GCC_NO_COMMON_BLOCKS = YES;
				GCC_WARN_64_TO_32_BIT_CONVERSION = YES;
				GCC_WARN_ABOUT_RETURN_TYPE = YES_ERROR;
				GCC_WARN_UNDECLARED_SELECTOR = YES;
				GCC_WARN_UNINITIALIZED_AUTOS = YES_AGGRESSIVE;
				GCC_WARN_UNUSED_FUNCTION = YES;
				GCC_WARN_UNUSED_VARIABLE = YES;
				MACOSX_DEPLOYMENT_TARGET = 14.0;
				MTL_ENABLE_DEBUG_INFO = NO;
				MTL_FAST_MATH = YES;
				PRODUCT_NAME = "$(TARGET_NAME)";
				SDKROOT = macosx;
				SWIFT_COMPILATION_MODE = wholemodule;
				SWIFT_OPTIMIZATION_LEVEL = "-O";
				SWIFT_VERSION = 5.0;
			};
			name = Release;
		};
		7C47DBA65B406ABA63A026F5 /* Release */ = {
			isa = XCBuildConfiguration;
			buildSettings = {
				ASSETCATALOG_COMPILER_APPICON_NAME = AppIcon;
				CODE_SIGN_ENTITLEMENTS = Foil/Foil.entitlements;
				CODE_SIGN_IDENTITY = "-";
				COMBINE_HIDPI_IMAGES = YES;
				CURRENT_PROJECT_VERSION = 45;
				ENABLE_HARDENED_RUNTIME = YES;
				INFOPLIST_FILE = Foil/Info.plist;
				LD_RUNPATH_SEARCH_PATHS = (
					"$(inherited)",
					"@executable_path/../Frameworks",
				);
				MARKETING_VERSION = 1.13.10;
				PRODUCT_BUNDLE_IDENTIFIER = com.neonwatty.Foil;
				PRODUCT_MODULE_NAME = Foil;
				PRODUCT_NAME = Foil;
				SDKROOT = macosx;
			};
			name = Release;
		};
		8129925CF708555F4BCE6924 /* Debug */ = {
			isa = XCBuildConfiguration;
			buildSettings = {
				BUNDLE_LOADER = "$(TEST_HOST)";
				CODE_SIGN_IDENTITY = "-";
				COMBINE_HIDPI_IMAGES = YES;
				GENERATE_INFOPLIST_FILE = YES;
				LD_RUNPATH_SEARCH_PATHS = (
					"$(inherited)",
					"@executable_path/Frameworks",
					"@loader_path/Frameworks",
				);
				PRODUCT_BUNDLE_IDENTIFIER = com.neonwatty.FoilUITests;
				SDKROOT = macosx;
				TEST_TARGET_NAME = Foil;
			};
			name = Debug;
		};
		8A5579AAD7A6F04192D94D2D /* Debug */ = {
			isa = XCBuildConfiguration;
			buildSettings = {
				ASSETCATALOG_COMPILER_APPICON_NAME = AppIcon;
				CODE_SIGN_ENTITLEMENTS = Foil/Foil.entitlements;
				CODE_SIGN_IDENTITY = "-";
				COMBINE_HIDPI_IMAGES = YES;
				CURRENT_PROJECT_VERSION = 45;
				ENABLE_HARDENED_RUNTIME = YES;
				INFOPLIST_FILE = Foil/Info.plist;
				LD_RUNPATH_SEARCH_PATHS = (
					"$(inherited)",
					"@executable_path/../Frameworks",
				);
				MARKETING_VERSION = 1.13.10;
				PRODUCT_BUNDLE_IDENTIFIER = com.neonwatty.Foil;
				PRODUCT_MODULE_NAME = Foil;
				PRODUCT_NAME = Foil;
				SDKROOT = macosx;
			};
			name = Debug;
		};
		8B72C9FC0FD85CAC1571B033 /* Debug */ = {
			isa = XCBuildConfiguration;
			buildSettings = {
				BUNDLE_LOADER = "$(TEST_HOST)";
				CODE_SIGN_IDENTITY = "-";
				COMBINE_HIDPI_IMAGES = YES;
				GENERATE_INFOPLIST_FILE = YES;
				LD_RUNPATH_SEARCH_PATHS = (
					"$(inherited)",
					"@executable_path/../Frameworks",
					"@loader_path/../Frameworks",
				);
				PRODUCT_BUNDLE_IDENTIFIER = com.neonwatty.FoilTests;
				SDKROOT = macosx;
				TEST_HOST = "$(BUILT_PRODUCTS_DIR)/Foil.app/Contents/MacOS/Foil";
			};
			name = Debug;
		};
		90C7A014567A0501880AD690 /* Release */ = {
			isa = XCBuildConfiguration;
			buildSettings = {
				BUNDLE_LOADER = "$(TEST_HOST)";
				CODE_SIGN_IDENTITY = "-";
				COMBINE_HIDPI_IMAGES = YES;
				GENERATE_INFOPLIST_FILE = YES;
				LD_RUNPATH_SEARCH_PATHS = (
					"$(inherited)",
					"@executable_path/../Frameworks",
					"@loader_path/../Frameworks",
				);
				PRODUCT_BUNDLE_IDENTIFIER = com.neonwatty.FoilTests;
				SDKROOT = macosx;
				TEST_HOST = "$(BUILT_PRODUCTS_DIR)/Foil.app/Contents/MacOS/Foil";
			};
			name = Release;
		};
		CB5429D4AD2AA9FF59C3E02C /* Debug */ = {
			isa = XCBuildConfiguration;
			buildSettings = {
				ASSETCATALOG_COMPILER_APPICON_NAME = AppIcon;
				CODE_SIGN_ENTITLEMENTS = Foil/Foil.entitlements;
				CODE_SIGN_IDENTITY = "-";
				COMBINE_HIDPI_IMAGES = YES;
				CURRENT_PROJECT_VERSION = 45;
				ENABLE_HARDENED_RUNTIME = YES;
				INFOPLIST_FILE = Foil/Info.plist;
				LD_RUNPATH_SEARCH_PATHS = (
					"$(inherited)",
					"@executable_path/../Frameworks",
				);
				MARKETING_VERSION = 1.13.10;
				PRODUCT_BUNDLE_IDENTIFIER = com.neonwatty.Foil.Dev;
				PRODUCT_MODULE_NAME = Foil;
				PRODUCT_NAME = "Foil Dev";
				SDKROOT = macosx;
			};
			name = Debug;
		};
/* End XCBuildConfiguration section */

/* Begin XCConfigurationList section */
		2183160AA7B23EBBF9932166 /* Build configuration list for PBXNativeTarget "FoilDev" */ = {
			isa = XCConfigurationList;
			buildConfigurations = (
				CB5429D4AD2AA9FF59C3E02C /* Debug */,
				5734567C299D73169171ABEF /* Release */,
			);
			defaultConfigurationIsVisible = 0;
			defaultConfigurationName = Debug;
		};
		4051552946DAF109B7D1ADD5 /* Build configuration list for PBXNativeTarget "FoilUITests" */ = {
			isa = XCConfigurationList;
			buildConfigurations = (
				8129925CF708555F4BCE6924 /* Debug */,
				51CCFAEC77AF3433E1E78FBE /* Release */,
			);
			defaultConfigurationIsVisible = 0;
			defaultConfigurationName = Debug;
		};
		68C7D889C98278A9E85138C8 /* Build configuration list for PBXProject "Foil" */ = {
			isa = XCConfigurationList;
			buildConfigurations = (
				724B91CD3F2947CD00FD2080 /* Debug */,
				7B51C26FFA1BDB7DB4CB64BA /* Release */,
			);
			defaultConfigurationIsVisible = 0;
			defaultConfigurationName = Debug;
		};
		6DE75D4807485355D3318DF0 /* Build configuration list for PBXNativeTarget "FoilE2E" */ = {
			isa = XCConfigurationList;
			buildConfigurations = (
				70CD39369E53D6B3032A3BEF /* Debug */,
				67B2868A79F896F73C378D9B /* Release */,
			);
			defaultConfigurationIsVisible = 0;
			defaultConfigurationName = Debug;
		};
		7CA60B5D43141F4E23677578 /* Build configuration list for PBXNativeTarget "Foil" */ = {
			isa = XCConfigurationList;
			buildConfigurations = (
				8A5579AAD7A6F04192D94D2D /* Debug */,
				7C47DBA65B406ABA63A026F5 /* Release */,
			);
			defaultConfigurationIsVisible = 0;
			defaultConfigurationName = Debug;
		};
		E9B5E64FBABB1F8D8015D0E9 /* Build configuration list for PBXNativeTarget "FoilTests" */ = {
			isa = XCConfigurationList;
			buildConfigurations = (
				8B72C9FC0FD85CAC1571B033 /* Debug */,
				90C7A014567A0501880AD690 /* Release */,
			);
			defaultConfigurationIsVisible = 0;
			defaultConfigurationName = Debug;
		};
/* End XCConfigurationList section */

/* Begin XCRemoteSwiftPackageReference section */
		D94BCF12C21D53448DB46B35 /* XCRemoteSwiftPackageReference "Sparkle" */ = {
			isa = XCRemoteSwiftPackageReference;
			repositoryURL = "https://github.com/sparkle-project/Sparkle";
			requirement = {
				kind = upToNextMajorVersion;
				minimumVersion = 2.6.0;
			};
		};
/* End XCRemoteSwiftPackageReference section */

/* Begin XCSwiftPackageProductDependency section */
		A57AD04028DD144B73C7A677 /* Sparkle */ = {
			isa = XCSwiftPackageProductDependency;
			package = D94BCF12C21D53448DB46B35 /* XCRemoteSwiftPackageReference "Sparkle" */;
			productName = Sparkle;
		};
		B80C0B52EA672D241F3F4AC1 /* Sparkle */ = {
			isa = XCSwiftPackageProductDependency;
			package = D94BCF12C21D53448DB46B35 /* XCRemoteSwiftPackageReference "Sparkle" */;
			productName = Sparkle;
		};
/* End XCSwiftPackageProductDependency section */
	};
	rootObject = 601DAB015FEEAA8E4B6F2879 /* Project object */;
}
