// !$*UTF8*$!
{
	archiveVersion = 1;
	classes = {
	};
	objectVersion = 54;
	objects = {

/* Begin PBXBuildFile section */
		0077C5AE095BD3D6ED05268A /* BackgroundPasteTests.swift in Sources */ = {isa = PBXBuildFile; fileRef = 8438CCC3D27E03B7AE3815F7 /* BackgroundPasteTests.swift */; };
		0A92A7EC36F3623125F223E6 /* PasteController.swift in Sources */ = {isa = PBXBuildFile; fileRef = 083397DB441D045E69BD9F9A /* PasteController.swift */; };
		0B492F5DE8DE7B78E4146A3B /* OnboardingView.swift in Sources */ = {isa = PBXBuildFile; fileRef = B424B1B2ED24EAE73F4BE163 /* OnboardingView.swift */; };
		0E98CFFCF65770F0B9142AAB /* SparkleUpdaterTests.swift in Sources */ = {isa = PBXBuildFile; fileRef = 7DE7417C7D7B25A410AAC4EC /* SparkleUpdaterTests.swift */; };
		0F314CEFCCECD10D8D73BD59 /* AudioRecorder.swift in Sources */ = {isa = PBXBuildFile; fileRef = 583AB3E22194CF0BE215E9C6 /* AudioRecorder.swift */; };
		121D10BF8497F29D1F847353 /* LanguageTests.swift in Sources */ = {isa = PBXBuildFile; fileRef = 2945E0F6027C3F4835BBE8C1 /* LanguageTests.swift */; };
		2B38B3440F7EDF7EE3E32329 /* TextInserter.swift in Sources */ = {isa = PBXBuildFile; fileRef = F61B277DF7657903E9ED14B1 /* TextInserter.swift */; };
		2CABAEB7CE09E3DF49A65BEE /* TextInserterTests.swift in Sources */ = {isa = PBXBuildFile; fileRef = DEFB984E4D92EE302684103A /* TextInserterTests.swift */; };
		2DC6528192290AF60E7D3FE2 /* PasteControllerTests.swift in Sources */ = {isa = PBXBuildFile; fileRef = BAAF5C8EBDB1AFE5A3FE2296 /* PasteControllerTests.swift */; };
		2F82960B56006370D0F90FCC /* TranscriptionService.swift in Sources */ = {isa = PBXBuildFile; fileRef = 78D5510A5B46F677D2AE854D /* TranscriptionService.swift */; };
		333A23FF2E429FDD686944CF /* SettingsView.swift in Sources */ = {isa = PBXBuildFile; fileRef = B3B90F97CD7A617F9DD6B088 /* SettingsView.swift */; };
		33D87C648D0A87C02B31A449 /* IntegrationTests.swift in Sources */ = {isa = PBXBuildFile; fileRef = 70A2013D32CCECA48976685C /* IntegrationTests.swift */; };
		340759604FA8369AAC611223 /* NotificationManagerTests.swift in Sources */ = {isa = PBXBuildFile; fileRef = E4DBABAE3A9E92427066BFD1 /* NotificationManagerTests.swift */; };
		40A2CF8DC033B1B74827D7D7 /* LaunchAtLoginManager.swift in Sources */ = {isa = PBXBuildFile; fileRef = 5A61E71A6E8082B95B8BFFBB /* LaunchAtLoginManager.swift */; };
		44A052BE79DB88DAD67DC34E /* HotkeyMonitor.swift in Sources */ = {isa = PBXBuildFile; fileRef = 9F31F3710AEDC0890D9CA1F4 /* HotkeyMonitor.swift */; };
		4D4F7C37344F8C343E5D09A1 /* ApiKeySetupView.swift in Sources */ = {isa = PBXBuildFile; fileRef = 13CB29E436E5E3465167230D /* ApiKeySetupView.swift */; };
		4EC94F8FD46EA59C1D29DBAA /* MenuBarView.swift in Sources */ = {isa = PBXBuildFile; fileRef = 8C04ACF5F04D33BF75D666AD /* MenuBarView.swift */; };
		59670AD3B35A6E862511D3B5 /* HistoryPopoverTests.swift in Sources */ = {isa = PBXBuildFile; fileRef = 0B60032CCB98D3746C131217 /* HistoryPopoverTests.swift */; };
		6028D7C79AD69F49F0474F31 /* TranscriptionController.swift in Sources */ = {isa = PBXBuildFile; fileRef = 86442051E2DC80E412022354 /* TranscriptionController.swift */; };
		667DAE95FBD5D705DAB0040E /* DiagnosticLog.swift in Sources */ = {isa = PBXBuildFile; fileRef = 0BE6B85DF059FB4B645DFB8C /* DiagnosticLog.swift */; };
		68CA2C950FA6990F920B6F0E /* SoundPlayer.swift in Sources */ = {isa = PBXBuildFile; fileRef = AE0224008DA333B2B45AA9B3 /* SoundPlayer.swift */; };
		6C6794F893BED2FBEA21814B /* RecordingFlowTests.swift in Sources */ = {isa = PBXBuildFile; fileRef = 24F0B55225C42E812C09E4DB /* RecordingFlowTests.swift */; };
		733A1997297A35618D3AEA16 /* PasteQueueTests.swift in Sources */ = {isa = PBXBuildFile; fileRef = 141E73C78BEF8A8E08F3B838 /* PasteQueueTests.swift */; };
		7D8E0B807298CAECDFCE311E /* Assets.xcassets in Resources */ = {isa = PBXBuildFile; fileRef = B1F5AA67E138E2CA7C5849E3 /* Assets.xcassets */; };
		93AD185BFCF6ADFE1DF0693E /* KeychainHelper.swift in Sources */ = {isa = PBXBuildFile; fileRef = 86D07A7A6D47B83D5319CB92 /* KeychainHelper.swift */; };
		978DAF75F9B4A08618AE57FB /* SkyLightBridge.swift in Sources */ = {isa = PBXBuildFile; fileRef = 2B5926CD9068E3CC23EF49D1 /* SkyLightBridge.swift */; };
		9C5F3BE1ADFE9F40B0DD40A5 /* AppState.swift in Sources */ = {isa = PBXBuildFile; fileRef = F2C48CEFD0EA9409C15CBFB0 /* AppState.swift */; };
		A02E3739EF61ABCCE34BF29F /* AppStateTests.swift in Sources */ = {isa = PBXBuildFile; fileRef = DF970AE548B49F2AD02AE742 /* AppStateTests.swift */; };
		A415CE9E58748D266755EEFC /* AudioRecorderTests.swift in Sources */ = {isa = PBXBuildFile; fileRef = B6B0DA7F2F73D239BFCA2B39 /* AudioRecorderTests.swift */; };
		AA57A1978B56733EAF2BC491 /* PasteQueue.swift in Sources */ = {isa = PBXBuildFile; fileRef = A44A246EE288E9AD76808556 /* PasteQueue.swift */; };
		AC0181248EFEA98EF8D0FFD2 /* SparkleUpdater.swift in Sources */ = {isa = PBXBuildFile; fileRef = 9957FA9EA140D6FB52B0B16D /* SparkleUpdater.swift */; };
		B3BC2234AE2D40D243DA06C5 /* RecordingController.swift in Sources */ = {isa = PBXBuildFile; fileRef = 7015BB4F30AB39CCD14AD34B /* RecordingController.swift */; };
		BE2469ADB79D939E1A9EE2C8 /* SkyLightBridgeTests.swift in Sources */ = {isa = PBXBuildFile; fileRef = BF13662526914E0320E811C7 /* SkyLightBridgeTests.swift */; };
		C0482BD31D4BE0179B102CAC /* HistoryPopoverView.swift in Sources */ = {isa = PBXBuildFile; fileRef = 5DA6DFA9E20871913651ECEB /* HistoryPopoverView.swift */; };
		C9B86E4CF5B41FC449096567 /* FloatingStatusView.swift in Sources */ = {isa = PBXBuildFile; fileRef = 415BD3E9C48EE3DFC91BEBAC /* FloatingStatusView.swift */; };
		CF189712B8A96D3DEEECCF2A /* PasteDelivery.swift in Sources */ = {isa = PBXBuildFile; fileRef = C5D41203FA2FD2A66991651C /* PasteDelivery.swift */; };
		D159A8B80B1638CBDCE1C5D6 /* TranscriptionServiceTests.swift in Sources */ = {isa = PBXBuildFile; fileRef = 75751BABD8DCE7F43A5AC08F /* TranscriptionServiceTests.swift */; };
		D261B42FDD09C2B0E0577E53 /* GroqTalkUITests.swift in Sources */ = {isa = PBXBuildFile; fileRef = 0AF5C3DB12AFBA88ECBA175F /* GroqTalkUITests.swift */; };
		D5CEEFD92523C69C8E9AE87D /* TranscriptionHistoryTests.swift in Sources */ = {isa = PBXBuildFile; fileRef = E38DF89D2274A959CCAD06AD /* TranscriptionHistoryTests.swift */; };
		D952EC1FB3552FF6B82907ED /* RecordingControllerTests.swift in Sources */ = {isa = PBXBuildFile; fileRef = C93EC0BBDAD5377C0501062D /* RecordingControllerTests.swift */; };
		E268B45884EE9F46EFC67D9E /* TranscriptionControllerTests.swift in Sources */ = {isa = PBXBuildFile; fileRef = 45876B2E8F4C990EE120B196 /* TranscriptionControllerTests.swift */; };
		E353F7E3CFB6FC1E8DE25C7E /* HotkeyMonitorTests.swift in Sources */ = {isa = PBXBuildFile; fileRef = BCEF01B35A4285F2AE32E990 /* HotkeyMonitorTests.swift */; };
		E526D6952CC4531E033CD519 /* Sparkle in Frameworks */ = {isa = PBXBuildFile; productRef = E65BE36B1044E9675E7B1413 /* Sparkle */; };
		E684116050150916A832760C /* NotificationManager.swift in Sources */ = {isa = PBXBuildFile; fileRef = 8634D2C0D98884FEBC13540B /* NotificationManager.swift */; };
		F171EFD9BB5E02DA075979FB /* TranscriptionHistory.swift in Sources */ = {isa = PBXBuildFile; fileRef = 2C23DDB33DDC6E657B8221CA /* TranscriptionHistory.swift */; };
		F29F5E45235D5E76726E3154 /* PasteTargetTests.swift in Sources */ = {isa = PBXBuildFile; fileRef = E00ED9617CF428F8BF2444B9 /* PasteTargetTests.swift */; };
		F34BB165ADDE82F7DA185B8D /* GroqTalkApp.swift in Sources */ = {isa = PBXBuildFile; fileRef = 02AB21B35C638DC3AB2379B3 /* GroqTalkApp.swift */; };
		F3820A5D8729E73D296EC059 /* KeychainHelperTests.swift in Sources */ = {isa = PBXBuildFile; fileRef = 03FF48A96DB2446119EF3C9A /* KeychainHelperTests.swift */; };
		F53B17A535796774324C1087 /* TranscriptProcessingMode.swift in Sources */ = {isa = PBXBuildFile; fileRef = 2C56C652164796A12E37BC7F /* TranscriptProcessingMode.swift */; };
		F7B066205963C05411DD0875 /* BackgroundPaste.swift in Sources */ = {isa = PBXBuildFile; fileRef = F22AD03CCE8B0FD7392A3D02 /* BackgroundPaste.swift */; };
		FA64A4E97D3B14107794AA3E /* PasteTarget.swift in Sources */ = {isa = PBXBuildFile; fileRef = B56ED3D31CEFA11C4EBCD441 /* PasteTarget.swift */; };
		FDF502A5CA608D10D2E0080F /* LaunchAtLoginManagerTests.swift in Sources */ = {isa = PBXBuildFile; fileRef = 15C8A7CE2C08EA04B285F130 /* LaunchAtLoginManagerTests.swift */; };
/* End PBXBuildFile section */

/* Begin PBXContainerItemProxy section */
		BB604A851CC34E37669CEFE2 /* PBXContainerItemProxy */ = {
			isa = PBXContainerItemProxy;
			containerPortal = A2ABAD19C7C72F706510FCC2 /* Project object */;
			proxyType = 1;
			remoteGlobalIDString = 93D9EB351CAC8272AC004117;
			remoteInfo = GroqTalk;
		};
		F5F4A01344FD003CC8127CE7 /* PBXContainerItemProxy */ = {
			isa = PBXContainerItemProxy;
			containerPortal = A2ABAD19C7C72F706510FCC2 /* Project object */;
			proxyType = 1;
			remoteGlobalIDString = 93D9EB351CAC8272AC004117;
			remoteInfo = GroqTalk;
		};
/* End PBXContainerItemProxy section */

/* Begin PBXFileReference section */
		02AB21B35C638DC3AB2379B3 /* GroqTalkApp.swift */ = {isa = PBXFileReference; lastKnownFileType = sourcecode.swift; path = GroqTalkApp.swift; sourceTree = "<group>"; };
		03FF48A96DB2446119EF3C9A /* KeychainHelperTests.swift */ = {isa = PBXFileReference; lastKnownFileType = sourcecode.swift; path = KeychainHelperTests.swift; sourceTree = "<group>"; };
		083397DB441D045E69BD9F9A /* PasteController.swift */ = {isa = PBXFileReference; lastKnownFileType = sourcecode.swift; path = PasteController.swift; sourceTree = "<group>"; };
		0AF5C3DB12AFBA88ECBA175F /* GroqTalkUITests.swift */ = {isa = PBXFileReference; lastKnownFileType = sourcecode.swift; path = GroqTalkUITests.swift; sourceTree = "<group>"; };
		0B60032CCB98D3746C131217 /* HistoryPopoverTests.swift */ = {isa = PBXFileReference; lastKnownFileType = sourcecode.swift; path = HistoryPopoverTests.swift; sourceTree = "<group>"; };
		0BE6B85DF059FB4B645DFB8C /* DiagnosticLog.swift */ = {isa = PBXFileReference; lastKnownFileType = sourcecode.swift; path = DiagnosticLog.swift; sourceTree = "<group>"; };
		13CB29E436E5E3465167230D /* ApiKeySetupView.swift */ = {isa = PBXFileReference; lastKnownFileType = sourcecode.swift; path = ApiKeySetupView.swift; sourceTree = "<group>"; };
		141E73C78BEF8A8E08F3B838 /* PasteQueueTests.swift */ = {isa = PBXFileReference; lastKnownFileType = sourcecode.swift; path = PasteQueueTests.swift; sourceTree = "<group>"; };
		15C8A7CE2C08EA04B285F130 /* LaunchAtLoginManagerTests.swift */ = {isa = PBXFileReference; lastKnownFileType = sourcecode.swift; path = LaunchAtLoginManagerTests.swift; sourceTree = "<group>"; };
		24F0B55225C42E812C09E4DB /* RecordingFlowTests.swift */ = {isa = PBXFileReference; lastKnownFileType = sourcecode.swift; path = RecordingFlowTests.swift; sourceTree = "<group>"; };
		2945E0F6027C3F4835BBE8C1 /* LanguageTests.swift */ = {isa = PBXFileReference; lastKnownFileType = sourcecode.swift; path = LanguageTests.swift; sourceTree = "<group>"; };
		2B5926CD9068E3CC23EF49D1 /* SkyLightBridge.swift */ = {isa = PBXFileReference; lastKnownFileType = sourcecode.swift; path = SkyLightBridge.swift; sourceTree = "<group>"; };
		2C23DDB33DDC6E657B8221CA /* TranscriptionHistory.swift */ = {isa = PBXFileReference; lastKnownFileType = sourcecode.swift; path = TranscriptionHistory.swift; sourceTree = "<group>"; };
		2C56C652164796A12E37BC7F /* TranscriptProcessingMode.swift */ = {isa = PBXFileReference; lastKnownFileType = sourcecode.swift; path = TranscriptProcessingMode.swift; sourceTree = "<group>"; };
		415BD3E9C48EE3DFC91BEBAC /* FloatingStatusView.swift */ = {isa = PBXFileReference; lastKnownFileType = sourcecode.swift; path = FloatingStatusView.swift; sourceTree = "<group>"; };
		43A2E33CA96A9F02E59C910A /* Info.plist */ = {isa = PBXFileReference; lastKnownFileType = text.plist; path = Info.plist; sourceTree = "<group>"; };
		45876B2E8F4C990EE120B196 /* TranscriptionControllerTests.swift */ = {isa = PBXFileReference; lastKnownFileType = sourcecode.swift; path = TranscriptionControllerTests.swift; sourceTree = "<group>"; };
		47F67C46D628784D812AC1C1 /* GroqTalk.entitlements */ = {isa = PBXFileReference; lastKnownFileType = text.plist.entitlements; path = GroqTalk.entitlements; sourceTree = "<group>"; };
		583AB3E22194CF0BE215E9C6 /* AudioRecorder.swift */ = {isa = PBXFileReference; lastKnownFileType = sourcecode.swift; path = AudioRecorder.swift; sourceTree = "<group>"; };
		5A61E71A6E8082B95B8BFFBB /* LaunchAtLoginManager.swift */ = {isa = PBXFileReference; lastKnownFileType = sourcecode.swift; path = LaunchAtLoginManager.swift; sourceTree = "<group>"; };
		5DA6DFA9E20871913651ECEB /* HistoryPopoverView.swift */ = {isa = PBXFileReference; lastKnownFileType = sourcecode.swift; path = HistoryPopoverView.swift; sourceTree = "<group>"; };
		7015BB4F30AB39CCD14AD34B /* RecordingController.swift */ = {isa = PBXFileReference; lastKnownFileType = sourcecode.swift; path = RecordingController.swift; sourceTree = "<group>"; };
		70A2013D32CCECA48976685C /* IntegrationTests.swift */ = {isa = PBXFileReference; lastKnownFileType = sourcecode.swift; path = IntegrationTests.swift; sourceTree = "<group>"; };
		72069E1D0553D8A1FE1540F1 /* GroqTalkTests.xctest */ = {isa = PBXFileReference; explicitFileType = wrapper.cfbundle; includeInIndex = 0; path = GroqTalkTests.xctest; sourceTree = BUILT_PRODUCTS_DIR; };
		75751BABD8DCE7F43A5AC08F /* TranscriptionServiceTests.swift */ = {isa = PBXFileReference; lastKnownFileType = sourcecode.swift; path = TranscriptionServiceTests.swift; sourceTree = "<group>"; };
		78D5510A5B46F677D2AE854D /* TranscriptionService.swift */ = {isa = PBXFileReference; lastKnownFileType = sourcecode.swift; path = TranscriptionService.swift; sourceTree = "<group>"; };
		7DE7417C7D7B25A410AAC4EC /* SparkleUpdaterTests.swift */ = {isa = PBXFileReference; lastKnownFileType = sourcecode.swift; path = SparkleUpdaterTests.swift; sourceTree = "<group>"; };
		8438CCC3D27E03B7AE3815F7 /* BackgroundPasteTests.swift */ = {isa = PBXFileReference; lastKnownFileType = sourcecode.swift; path = BackgroundPasteTests.swift; sourceTree = "<group>"; };
		8634D2C0D98884FEBC13540B /* NotificationManager.swift */ = {isa = PBXFileReference; lastKnownFileType = sourcecode.swift; path = NotificationManager.swift; sourceTree = "<group>"; };
		86442051E2DC80E412022354 /* TranscriptionController.swift */ = {isa = PBXFileReference; lastKnownFileType = sourcecode.swift; path = TranscriptionController.swift; sourceTree = "<group>"; };
		86D07A7A6D47B83D5319CB92 /* KeychainHelper.swift */ = {isa = PBXFileReference; lastKnownFileType = sourcecode.swift; path = KeychainHelper.swift; sourceTree = "<group>"; };
		8C04ACF5F04D33BF75D666AD /* MenuBarView.swift */ = {isa = PBXFileReference; lastKnownFileType = sourcecode.swift; path = MenuBarView.swift; sourceTree = "<group>"; };
		9957FA9EA140D6FB52B0B16D /* SparkleUpdater.swift */ = {isa = PBXFileReference; lastKnownFileType = sourcecode.swift; path = SparkleUpdater.swift; sourceTree = "<group>"; };
		9F31F3710AEDC0890D9CA1F4 /* HotkeyMonitor.swift */ = {isa = PBXFileReference; lastKnownFileType = sourcecode.swift; path = HotkeyMonitor.swift; sourceTree = "<group>"; };
		A44A246EE288E9AD76808556 /* PasteQueue.swift */ = {isa = PBXFileReference; lastKnownFileType = sourcecode.swift; path = PasteQueue.swift; sourceTree = "<group>"; };
		AE0224008DA333B2B45AA9B3 /* SoundPlayer.swift */ = {isa = PBXFileReference; lastKnownFileType = sourcecode.swift; path = SoundPlayer.swift; sourceTree = "<group>"; };
		B1F5AA67E138E2CA7C5849E3 /* Assets.xcassets */ = {isa = PBXFileReference; lastKnownFileType = folder.assetcatalog; path = Assets.xcassets; sourceTree = "<group>"; };
		B3B90F97CD7A617F9DD6B088 /* SettingsView.swift */ = {isa = PBXFileReference; lastKnownFileType = sourcecode.swift; path = SettingsView.swift; sourceTree = "<group>"; };
		B424B1B2ED24EAE73F4BE163 /* OnboardingView.swift */ = {isa = PBXFileReference; lastKnownFileType = sourcecode.swift; path = OnboardingView.swift; sourceTree = "<group>"; };
		B56ED3D31CEFA11C4EBCD441 /* PasteTarget.swift */ = {isa = PBXFileReference; lastKnownFileType = sourcecode.swift; path = PasteTarget.swift; sourceTree = "<group>"; };
		B6B0DA7F2F73D239BFCA2B39 /* AudioRecorderTests.swift */ = {isa = PBXFileReference; lastKnownFileType = sourcecode.swift; path = AudioRecorderTests.swift; sourceTree = "<group>"; };
		BAAF5C8EBDB1AFE5A3FE2296 /* PasteControllerTests.swift */ = {isa = PBXFileReference; lastKnownFileType = sourcecode.swift; path = PasteControllerTests.swift; sourceTree = "<group>"; };
		BCEF01B35A4285F2AE32E990 /* HotkeyMonitorTests.swift */ = {isa = PBXFileReference; lastKnownFileType = sourcecode.swift; path = HotkeyMonitorTests.swift; sourceTree = "<group>"; };
		BF13662526914E0320E811C7 /* SkyLightBridgeTests.swift */ = {isa = PBXFileReference; lastKnownFileType = sourcecode.swift; path = SkyLightBridgeTests.swift; sourceTree = "<group>"; };
		C5D41203FA2FD2A66991651C /* PasteDelivery.swift */ = {isa = PBXFileReference; lastKnownFileType = sourcecode.swift; path = PasteDelivery.swift; sourceTree = "<group>"; };
		C64A6F82CCC4912E445F25A4 /* GroqTalk.app */ = {isa = PBXFileReference; explicitFileType = wrapper.application; includeInIndex = 0; path = GroqTalk.app; sourceTree = BUILT_PRODUCTS_DIR; };
		C93EC0BBDAD5377C0501062D /* RecordingControllerTests.swift */ = {isa = PBXFileReference; lastKnownFileType = sourcecode.swift; path = RecordingControllerTests.swift; sourceTree = "<group>"; };
		DEFB984E4D92EE302684103A /* TextInserterTests.swift */ = {isa = PBXFileReference; lastKnownFileType = sourcecode.swift; path = TextInserterTests.swift; sourceTree = "<group>"; };
		DF970AE548B49F2AD02AE742 /* AppStateTests.swift */ = {isa = PBXFileReference; lastKnownFileType = sourcecode.swift; path = AppStateTests.swift; sourceTree = "<group>"; };
		E00ED9617CF428F8BF2444B9 /* PasteTargetTests.swift */ = {isa = PBXFileReference; lastKnownFileType = sourcecode.swift; path = PasteTargetTests.swift; sourceTree = "<group>"; };
		E38DF89D2274A959CCAD06AD /* TranscriptionHistoryTests.swift */ = {isa = PBXFileReference; lastKnownFileType = sourcecode.swift; path = TranscriptionHistoryTests.swift; sourceTree = "<group>"; };
		E4DBABAE3A9E92427066BFD1 /* NotificationManagerTests.swift */ = {isa = PBXFileReference; lastKnownFileType = sourcecode.swift; path = NotificationManagerTests.swift; sourceTree = "<group>"; };
		F22AD03CCE8B0FD7392A3D02 /* BackgroundPaste.swift */ = {isa = PBXFileReference; lastKnownFileType = sourcecode.swift; path = BackgroundPaste.swift; sourceTree = "<group>"; };
		F2C48CEFD0EA9409C15CBFB0 /* AppState.swift */ = {isa = PBXFileReference; lastKnownFileType = sourcecode.swift; path = AppState.swift; sourceTree = "<group>"; };
		F61B277DF7657903E9ED14B1 /* TextInserter.swift */ = {isa = PBXFileReference; lastKnownFileType = sourcecode.swift; path = TextInserter.swift; sourceTree = "<group>"; };
		FFB5F7B6429D574072627762 /* GroqTalkUITests.xctest */ = {isa = PBXFileReference; explicitFileType = wrapper.cfbundle; includeInIndex = 0; path = GroqTalkUITests.xctest; sourceTree = BUILT_PRODUCTS_DIR; };
/* End PBXFileReference section */

/* Begin PBXFrameworksBuildPhase section */
		F76E4F466955D07E8A4640B0 /* Frameworks */ = {
			isa = PBXFrameworksBuildPhase;
			buildActionMask = 2147483647;
			files = (
				E526D6952CC4531E033CD519 /* Sparkle in Frameworks */,
			);
			runOnlyForDeploymentPostprocessing = 0;
		};
/* End PBXFrameworksBuildPhase section */

/* Begin PBXGroup section */
		43C4E72637063E3F7C5EDA81 /* Products */ = {
			isa = PBXGroup;
			children = (
				C64A6F82CCC4912E445F25A4 /* GroqTalk.app */,
				72069E1D0553D8A1FE1540F1 /* GroqTalkTests.xctest */,
				FFB5F7B6429D574072627762 /* GroqTalkUITests.xctest */,
			);
			name = Products;
			sourceTree = "<group>";
		};
		4F8AC894D29988B22EFFC224 /* GroqTalkTests */ = {
			isa = PBXGroup;
			children = (
				DF970AE548B49F2AD02AE742 /* AppStateTests.swift */,
				B6B0DA7F2F73D239BFCA2B39 /* AudioRecorderTests.swift */,
				8438CCC3D27E03B7AE3815F7 /* BackgroundPasteTests.swift */,
				0B60032CCB98D3746C131217 /* HistoryPopoverTests.swift */,
				BCEF01B35A4285F2AE32E990 /* HotkeyMonitorTests.swift */,
				70A2013D32CCECA48976685C /* IntegrationTests.swift */,
				03FF48A96DB2446119EF3C9A /* KeychainHelperTests.swift */,
				2945E0F6027C3F4835BBE8C1 /* LanguageTests.swift */,
				15C8A7CE2C08EA04B285F130 /* LaunchAtLoginManagerTests.swift */,
				E4DBABAE3A9E92427066BFD1 /* NotificationManagerTests.swift */,
				BAAF5C8EBDB1AFE5A3FE2296 /* PasteControllerTests.swift */,
				141E73C78BEF8A8E08F3B838 /* PasteQueueTests.swift */,
				E00ED9617CF428F8BF2444B9 /* PasteTargetTests.swift */,
				C93EC0BBDAD5377C0501062D /* RecordingControllerTests.swift */,
				24F0B55225C42E812C09E4DB /* RecordingFlowTests.swift */,
				BF13662526914E0320E811C7 /* SkyLightBridgeTests.swift */,
				7DE7417C7D7B25A410AAC4EC /* SparkleUpdaterTests.swift */,
				DEFB984E4D92EE302684103A /* TextInserterTests.swift */,
				45876B2E8F4C990EE120B196 /* TranscriptionControllerTests.swift */,
				E38DF89D2274A959CCAD06AD /* TranscriptionHistoryTests.swift */,
				75751BABD8DCE7F43A5AC08F /* TranscriptionServiceTests.swift */,
			);
			path = GroqTalkTests;
			sourceTree = "<group>";
		};
		651DBF4846CFAE6CF7C79741 /* GroqTalkUITests */ = {
			isa = PBXGroup;
			children = (
				0AF5C3DB12AFBA88ECBA175F /* GroqTalkUITests.swift */,
			);
			path = GroqTalkUITests;
			sourceTree = "<group>";
		};
		6EDD9BC93A04E16B9667BE68 = {
			isa = PBXGroup;
			children = (
				9564E4CCF7F9F47040EF8E0C /* GroqTalk */,
				4F8AC894D29988B22EFFC224 /* GroqTalkTests */,
				651DBF4846CFAE6CF7C79741 /* GroqTalkUITests */,
				43C4E72637063E3F7C5EDA81 /* Products */,
			);
			sourceTree = "<group>";
		};
		9564E4CCF7F9F47040EF8E0C /* GroqTalk */ = {
			isa = PBXGroup;
			children = (
				13CB29E436E5E3465167230D /* ApiKeySetupView.swift */,
				F2C48CEFD0EA9409C15CBFB0 /* AppState.swift */,
				B1F5AA67E138E2CA7C5849E3 /* Assets.xcassets */,
				583AB3E22194CF0BE215E9C6 /* AudioRecorder.swift */,
				F22AD03CCE8B0FD7392A3D02 /* BackgroundPaste.swift */,
				0BE6B85DF059FB4B645DFB8C /* DiagnosticLog.swift */,
				415BD3E9C48EE3DFC91BEBAC /* FloatingStatusView.swift */,
				47F67C46D628784D812AC1C1 /* GroqTalk.entitlements */,
				02AB21B35C638DC3AB2379B3 /* GroqTalkApp.swift */,
				5DA6DFA9E20871913651ECEB /* HistoryPopoverView.swift */,
				9F31F3710AEDC0890D9CA1F4 /* HotkeyMonitor.swift */,
				43A2E33CA96A9F02E59C910A /* Info.plist */,
				86D07A7A6D47B83D5319CB92 /* KeychainHelper.swift */,
				5A61E71A6E8082B95B8BFFBB /* LaunchAtLoginManager.swift */,
				8C04ACF5F04D33BF75D666AD /* MenuBarView.swift */,
				8634D2C0D98884FEBC13540B /* NotificationManager.swift */,
				B424B1B2ED24EAE73F4BE163 /* OnboardingView.swift */,
				083397DB441D045E69BD9F9A /* PasteController.swift */,
				C5D41203FA2FD2A66991651C /* PasteDelivery.swift */,
				A44A246EE288E9AD76808556 /* PasteQueue.swift */,
				B56ED3D31CEFA11C4EBCD441 /* PasteTarget.swift */,
				7015BB4F30AB39CCD14AD34B /* RecordingController.swift */,
				B3B90F97CD7A617F9DD6B088 /* SettingsView.swift */,
				2B5926CD9068E3CC23EF49D1 /* SkyLightBridge.swift */,
				AE0224008DA333B2B45AA9B3 /* SoundPlayer.swift */,
				9957FA9EA140D6FB52B0B16D /* SparkleUpdater.swift */,
				F61B277DF7657903E9ED14B1 /* TextInserter.swift */,
				86442051E2DC80E412022354 /* TranscriptionController.swift */,
				2C23DDB33DDC6E657B8221CA /* TranscriptionHistory.swift */,
				78D5510A5B46F677D2AE854D /* TranscriptionService.swift */,
				2C56C652164796A12E37BC7F /* TranscriptProcessingMode.swift */,
			);
			path = GroqTalk;
			sourceTree = "<group>";
		};
/* End PBXGroup section */

/* Begin PBXNativeTarget section */
		62F68710B71BE80AF44B5208 /* GroqTalkUITests */ = {
			isa = PBXNativeTarget;
			buildConfigurationList = EB0E8235350292A6FA35E6E9 /* Build configuration list for PBXNativeTarget "GroqTalkUITests" */;
			buildPhases = (
				3B5286C6AA93A8029A6C0443 /* Sources */,
			);
			buildRules = (
			);
			dependencies = (
				912A91CC274AB9EEC2785D00 /* PBXTargetDependency */,
			);
			name = GroqTalkUITests;
			packageProductDependencies = (
			);
			productName = GroqTalkUITests;
			productReference = FFB5F7B6429D574072627762 /* GroqTalkUITests.xctest */;
			productType = "com.apple.product-type.bundle.ui-testing";
		};
		93D9EB351CAC8272AC004117 /* GroqTalk */ = {
			isa = PBXNativeTarget;
			buildConfigurationList = 92FD37804B1CF4213C807F3A /* Build configuration list for PBXNativeTarget "GroqTalk" */;
			buildPhases = (
				798E87334B1F687AA3179B8A /* Sources */,
				8F344D72833041DF48228F16 /* Resources */,
				F76E4F466955D07E8A4640B0 /* Frameworks */,
			);
			buildRules = (
			);
			dependencies = (
			);
			name = GroqTalk;
			packageProductDependencies = (
				E65BE36B1044E9675E7B1413 /* Sparkle */,
			);
			productName = GroqTalk;
			productReference = C64A6F82CCC4912E445F25A4 /* GroqTalk.app */;
			productType = "com.apple.product-type.application";
		};
		FC79325C3583A69036B83A95 /* GroqTalkTests */ = {
			isa = PBXNativeTarget;
			buildConfigurationList = 107743C574FA10A75A62DD33 /* Build configuration list for PBXNativeTarget "GroqTalkTests" */;
			buildPhases = (
				8A44B53A16F147666D77A0B2 /* Sources */,
			);
			buildRules = (
			);
			dependencies = (
				DDF5AB5538CDFB3B58C66602 /* PBXTargetDependency */,
			);
			name = GroqTalkTests;
			packageProductDependencies = (
			);
			productName = GroqTalkTests;
			productReference = 72069E1D0553D8A1FE1540F1 /* GroqTalkTests.xctest */;
			productType = "com.apple.product-type.bundle.unit-test";
		};
/* End PBXNativeTarget section */

/* Begin PBXProject section */
		A2ABAD19C7C72F706510FCC2 /* Project object */ = {
			isa = PBXProject;
			attributes = {
				BuildIndependentTargetsInParallel = YES;
				LastUpgradeCheck = 1430;
				TargetAttributes = {
					62F68710B71BE80AF44B5208 = {
						TestTargetID = 93D9EB351CAC8272AC004117;
					};
				};
			};
			buildConfigurationList = 48CE717712EC94139459B1C2 /* Build configuration list for PBXProject "GroqTalk" */;
			compatibilityVersion = "Xcode 14.0";
			developmentRegion = en;
			hasScannedForEncodings = 0;
			knownRegions = (
				Base,
				en,
			);
			mainGroup = 6EDD9BC93A04E16B9667BE68;
			minimizedProjectReferenceProxies = 1;
			packageReferences = (
				F299B909384CCCCAD30A2442 /* XCRemoteSwiftPackageReference "Sparkle" */,
			);
			preferredProjectObjectVersion = 54;
			projectDirPath = "";
			projectRoot = "";
			targets = (
				93D9EB351CAC8272AC004117 /* GroqTalk */,
				FC79325C3583A69036B83A95 /* GroqTalkTests */,
				62F68710B71BE80AF44B5208 /* GroqTalkUITests */,
			);
		};
/* End PBXProject section */

/* Begin PBXResourcesBuildPhase section */
		8F344D72833041DF48228F16 /* Resources */ = {
			isa = PBXResourcesBuildPhase;
			buildActionMask = 2147483647;
			files = (
				7D8E0B807298CAECDFCE311E /* Assets.xcassets in Resources */,
			);
			runOnlyForDeploymentPostprocessing = 0;
		};
/* End PBXResourcesBuildPhase section */

/* Begin PBXSourcesBuildPhase section */
		3B5286C6AA93A8029A6C0443 /* Sources */ = {
			isa = PBXSourcesBuildPhase;
			buildActionMask = 2147483647;
			files = (
				D261B42FDD09C2B0E0577E53 /* GroqTalkUITests.swift in Sources */,
			);
			runOnlyForDeploymentPostprocessing = 0;
		};
		798E87334B1F687AA3179B8A /* Sources */ = {
			isa = PBXSourcesBuildPhase;
			buildActionMask = 2147483647;
			files = (
				4D4F7C37344F8C343E5D09A1 /* ApiKeySetupView.swift in Sources */,
				9C5F3BE1ADFE9F40B0DD40A5 /* AppState.swift in Sources */,
				0F314CEFCCECD10D8D73BD59 /* AudioRecorder.swift in Sources */,
				F7B066205963C05411DD0875 /* BackgroundPaste.swift in Sources */,
				667DAE95FBD5D705DAB0040E /* DiagnosticLog.swift in Sources */,
				C9B86E4CF5B41FC449096567 /* FloatingStatusView.swift in Sources */,
				F34BB165ADDE82F7DA185B8D /* GroqTalkApp.swift in Sources */,
				C0482BD31D4BE0179B102CAC /* HistoryPopoverView.swift in Sources */,
				44A052BE79DB88DAD67DC34E /* HotkeyMonitor.swift in Sources */,
				93AD185BFCF6ADFE1DF0693E /* KeychainHelper.swift in Sources */,
				40A2CF8DC033B1B74827D7D7 /* LaunchAtLoginManager.swift in Sources */,
				4EC94F8FD46EA59C1D29DBAA /* MenuBarView.swift in Sources */,
				E684116050150916A832760C /* NotificationManager.swift in Sources */,
				0B492F5DE8DE7B78E4146A3B /* OnboardingView.swift in Sources */,
				0A92A7EC36F3623125F223E6 /* PasteController.swift in Sources */,
				CF189712B8A96D3DEEECCF2A /* PasteDelivery.swift in Sources */,
				AA57A1978B56733EAF2BC491 /* PasteQueue.swift in Sources */,
				FA64A4E97D3B14107794AA3E /* PasteTarget.swift in Sources */,
				B3BC2234AE2D40D243DA06C5 /* RecordingController.swift in Sources */,
				333A23FF2E429FDD686944CF /* SettingsView.swift in Sources */,
				978DAF75F9B4A08618AE57FB /* SkyLightBridge.swift in Sources */,
				68CA2C950FA6990F920B6F0E /* SoundPlayer.swift in Sources */,
				AC0181248EFEA98EF8D0FFD2 /* SparkleUpdater.swift in Sources */,
				2B38B3440F7EDF7EE3E32329 /* TextInserter.swift in Sources */,
				F53B17A535796774324C1087 /* TranscriptProcessingMode.swift in Sources */,
				6028D7C79AD69F49F0474F31 /* TranscriptionController.swift in Sources */,
				F171EFD9BB5E02DA075979FB /* TranscriptionHistory.swift in Sources */,
				2F82960B56006370D0F90FCC /* TranscriptionService.swift in Sources */,
			);
			runOnlyForDeploymentPostprocessing = 0;
		};
		8A44B53A16F147666D77A0B2 /* Sources */ = {
			isa = PBXSourcesBuildPhase;
			buildActionMask = 2147483647;
			files = (
				A02E3739EF61ABCCE34BF29F /* AppStateTests.swift in Sources */,
				A415CE9E58748D266755EEFC /* AudioRecorderTests.swift in Sources */,
				0077C5AE095BD3D6ED05268A /* BackgroundPasteTests.swift in Sources */,
				59670AD3B35A6E862511D3B5 /* HistoryPopoverTests.swift in Sources */,
				E353F7E3CFB6FC1E8DE25C7E /* HotkeyMonitorTests.swift in Sources */,
				33D87C648D0A87C02B31A449 /* IntegrationTests.swift in Sources */,
				F3820A5D8729E73D296EC059 /* KeychainHelperTests.swift in Sources */,
				121D10BF8497F29D1F847353 /* LanguageTests.swift in Sources */,
				FDF502A5CA608D10D2E0080F /* LaunchAtLoginManagerTests.swift in Sources */,
				340759604FA8369AAC611223 /* NotificationManagerTests.swift in Sources */,
				2DC6528192290AF60E7D3FE2 /* PasteControllerTests.swift in Sources */,
				733A1997297A35618D3AEA16 /* PasteQueueTests.swift in Sources */,
				F29F5E45235D5E76726E3154 /* PasteTargetTests.swift in Sources */,
				D952EC1FB3552FF6B82907ED /* RecordingControllerTests.swift in Sources */,
				6C6794F893BED2FBEA21814B /* RecordingFlowTests.swift in Sources */,
				BE2469ADB79D939E1A9EE2C8 /* SkyLightBridgeTests.swift in Sources */,
				0E98CFFCF65770F0B9142AAB /* SparkleUpdaterTests.swift in Sources */,
				2CABAEB7CE09E3DF49A65BEE /* TextInserterTests.swift in Sources */,
				E268B45884EE9F46EFC67D9E /* TranscriptionControllerTests.swift in Sources */,
				D5CEEFD92523C69C8E9AE87D /* TranscriptionHistoryTests.swift in Sources */,
				D159A8B80B1638CBDCE1C5D6 /* TranscriptionServiceTests.swift in Sources */,
			);
			runOnlyForDeploymentPostprocessing = 0;
		};
/* End PBXSourcesBuildPhase section */

/* Begin PBXTargetDependency section */
		912A91CC274AB9EEC2785D00 /* PBXTargetDependency */ = {
			isa = PBXTargetDependency;
			target = 93D9EB351CAC8272AC004117 /* GroqTalk */;
			targetProxy = F5F4A01344FD003CC8127CE7 /* PBXContainerItemProxy */;
		};
		DDF5AB5538CDFB3B58C66602 /* PBXTargetDependency */ = {
			isa = PBXTargetDependency;
			target = 93D9EB351CAC8272AC004117 /* GroqTalk */;
			targetProxy = BB604A851CC34E37669CEFE2 /* PBXContainerItemProxy */;
		};
/* End PBXTargetDependency section */

/* Begin XCBuildConfiguration section */
		03D3721A5E9C4DE778F09797 /* Debug */ = {
			isa = XCBuildConfiguration;
			buildSettings = {
				BUNDLE_LOADER = "$(TEST_HOST)";
				CODE_SIGN_IDENTITY = "-";
				COMBINE_HIDPI_IMAGES = YES;
				GENERATE_INFOPLIST_FILE = YES;
				LD_RUNPATH_SEARCH_PATHS = (
					"$(inherited)",
					"@executable_path/../Frameworks",
					"@loader_path/../Frameworks",
				);
				PRODUCT_BUNDLE_IDENTIFIER = com.neonwatty.GroqTalkTests;
				SDKROOT = macosx;
				TEST_HOST = "$(BUILT_PRODUCTS_DIR)/GroqTalk.app/Contents/MacOS/GroqTalk";
			};
			name = Debug;
		};
		2C6B063E167FCBAA07163380 /* Release */ = {
			isa = XCBuildConfiguration;
			buildSettings = {
				BUNDLE_LOADER = "$(TEST_HOST)";
				CODE_SIGN_IDENTITY = "-";
				COMBINE_HIDPI_IMAGES = YES;
				GENERATE_INFOPLIST_FILE = YES;
				LD_RUNPATH_SEARCH_PATHS = (
					"$(inherited)",
					"@executable_path/Frameworks",
					"@loader_path/Frameworks",
				);
				PRODUCT_BUNDLE_IDENTIFIER = com.neonwatty.GroqTalkUITests;
				SDKROOT = macosx;
				TEST_TARGET_NAME = GroqTalk;
			};
			name = Release;
		};
		94999298F2E8288D46FE8824 /* Debug */ = {
			isa = XCBuildConfiguration;
			buildSettings = {
				ALWAYS_SEARCH_USER_PATHS = NO;
				CLANG_ANALYZER_NONNULL = YES;
				CLANG_ANALYZER_NUMBER_OBJECT_CONVERSION = YES_AGGRESSIVE;
				CLANG_CXX_LANGUAGE_STANDARD = "gnu++14";
				CLANG_CXX_LIBRARY = "libc++";
				CLANG_ENABLE_MODULES = YES;
				CLANG_ENABLE_OBJC_ARC = YES;
				CLANG_ENABLE_OBJC_WEAK = YES;
				CLANG_WARN_BLOCK_CAPTURE_AUTORELEASING = YES;
				CLANG_WARN_BOOL_CONVERSION = YES;
				CLANG_WARN_COMMA = YES;
				CLANG_WARN_CONSTANT_CONVERSION = YES;
				CLANG_WARN_DEPRECATED_OBJC_IMPLEMENTATIONS = YES;
				CLANG_WARN_DIRECT_OBJC_ISA_USAGE = YES_ERROR;
				CLANG_WARN_DOCUMENTATION_COMMENTS = YES;
				CLANG_WARN_EMPTY_BODY = YES;
				CLANG_WARN_ENUM_CONVERSION = YES;
				CLANG_WARN_INFINITE_RECURSION = YES;
				CLANG_WARN_INT_CONVERSION = YES;
				CLANG_WARN_NON_LITERAL_NULL_CONVERSION = YES;
				CLANG_WARN_OBJC_IMPLICIT_RETAIN_SELF = YES;
				CLANG_WARN_OBJC_LITERAL_CONVERSION = YES;
				CLANG_WARN_OBJC_ROOT_CLASS = YES_ERROR;
				CLANG_WARN_QUOTED_INCLUDE_IN_FRAMEWORK_HEADER = YES;
				CLANG_WARN_RANGE_LOOP_ANALYSIS = YES;
				CLANG_WARN_STRICT_PROTOTYPES = YES;
				CLANG_WARN_SUSPICIOUS_MOVE = YES;
				CLANG_WARN_UNGUARDED_AVAILABILITY = YES_AGGRESSIVE;
				CLANG_WARN_UNREACHABLE_CODE = YES;
				CLANG_WARN__DUPLICATE_METHOD_MATCH = YES;
				COPY_PHASE_STRIP = NO;
				DEBUG_INFORMATION_FORMAT = dwarf;
				ENABLE_STRICT_OBJC_MSGSEND = YES;
				ENABLE_TESTABILITY = YES;
				GCC_C_LANGUAGE_STANDARD = gnu11;
				GCC_DYNAMIC_NO_PIC = NO;
				GCC_NO_COMMON_BLOCKS = YES;
				GCC_OPTIMIZATION_LEVEL = 0;
				GCC_PREPROCESSOR_DEFINITIONS = (
					"$(inherited)",
					"DEBUG=1",
				);
				GCC_WARN_64_TO_32_BIT_CONVERSION = YES;
				GCC_WARN_ABOUT_RETURN_TYPE = YES_ERROR;
				GCC_WARN_UNDECLARED_SELECTOR = YES;
				GCC_WARN_UNINITIALIZED_AUTOS = YES_AGGRESSIVE;
				GCC_WARN_UNUSED_FUNCTION = YES;
				GCC_WARN_UNUSED_VARIABLE = YES;
				MACOSX_DEPLOYMENT_TARGET = 14.0;
				MTL_ENABLE_DEBUG_INFO = INCLUDE_SOURCE;
				MTL_FAST_MATH = YES;
				ONLY_ACTIVE_ARCH = YES;
				PRODUCT_NAME = "$(TARGET_NAME)";
				SDKROOT = macosx;
				SWIFT_ACTIVE_COMPILATION_CONDITIONS = DEBUG;
				SWIFT_OPTIMIZATION_LEVEL = "-Onone";
				SWIFT_VERSION = 5.0;
			};
			name = Debug;
		};
		A2E03EE40E60CC680AC28832 /* Debug */ = {
			isa = XCBuildConfiguration;
			buildSettings = {
				ASSETCATALOG_COMPILER_APPICON_NAME = AppIcon;
				CODE_SIGN_ENTITLEMENTS = GroqTalk/GroqTalk.entitlements;
				CODE_SIGN_IDENTITY = "-";
				COMBINE_HIDPI_IMAGES = YES;
				CURRENT_PROJECT_VERSION = 32;
				ENABLE_HARDENED_RUNTIME = YES;
				INFOPLIST_FILE = GroqTalk/Info.plist;
				LD_RUNPATH_SEARCH_PATHS = (
					"$(inherited)",
					"@executable_path/../Frameworks",
				);
				MARKETING_VERSION = 1.8.2;
				PRODUCT_BUNDLE_IDENTIFIER = com.neonwatty.GroqTalk;
				SDKROOT = macosx;
			};
			name = Debug;
		};
		B4B514430FEEA793B966FF87 /* Debug */ = {
			isa = XCBuildConfiguration;
			buildSettings = {
				BUNDLE_LOADER = "$(TEST_HOST)";
				CODE_SIGN_IDENTITY = "-";
				COMBINE_HIDPI_IMAGES = YES;
				GENERATE_INFOPLIST_FILE = YES;
				LD_RUNPATH_SEARCH_PATHS = (
					"$(inherited)",
					"@executable_path/Frameworks",
					"@loader_path/Frameworks",
				);
				PRODUCT_BUNDLE_IDENTIFIER = com.neonwatty.GroqTalkUITests;
				SDKROOT = macosx;
				TEST_TARGET_NAME = GroqTalk;
			};
			name = Debug;
		};
		DD66CFA3BE06537A2202288A /* Release */ = {
			isa = XCBuildConfiguration;
			buildSettings = {
				ALWAYS_SEARCH_USER_PATHS = NO;
				CLANG_ANALYZER_NONNULL = YES;
				CLANG_ANALYZER_NUMBER_OBJECT_CONVERSION = YES_AGGRESSIVE;
				CLANG_CXX_LANGUAGE_STANDARD = "gnu++14";
				CLANG_CXX_LIBRARY = "libc++";
				CLANG_ENABLE_MODULES = YES;
				CLANG_ENABLE_OBJC_ARC = YES;
				CLANG_ENABLE_OBJC_WEAK = YES;
				CLANG_WARN_BLOCK_CAPTURE_AUTORELEASING = YES;
				CLANG_WARN_BOOL_CONVERSION = YES;
				CLANG_WARN_COMMA = YES;
				CLANG_WARN_CONSTANT_CONVERSION = YES;
				CLANG_WARN_DEPRECATED_OBJC_IMPLEMENTATIONS = YES;
				CLANG_WARN_DIRECT_OBJC_ISA_USAGE = YES_ERROR;
				CLANG_WARN_DOCUMENTATION_COMMENTS = YES;
				CLANG_WARN_EMPTY_BODY = YES;
				CLANG_WARN_ENUM_CONVERSION = YES;
				CLANG_WARN_INFINITE_RECURSION = YES;
				CLANG_WARN_INT_CONVERSION = YES;
				CLANG_WARN_NON_LITERAL_NULL_CONVERSION = YES;
				CLANG_WARN_OBJC_IMPLICIT_RETAIN_SELF = YES;
				CLANG_WARN_OBJC_LITERAL_CONVERSION = YES;
				CLANG_WARN_OBJC_ROOT_CLASS = YES_ERROR;
				CLANG_WARN_QUOTED_INCLUDE_IN_FRAMEWORK_HEADER = YES;
				CLANG_WARN_RANGE_LOOP_ANALYSIS = YES;
				CLANG_WARN_STRICT_PROTOTYPES = YES;
				CLANG_WARN_SUSPICIOUS_MOVE = YES;
				CLANG_WARN_UNGUARDED_AVAILABILITY = YES_AGGRESSIVE;
				CLANG_WARN_UNREACHABLE_CODE = YES;
				CLANG_WARN__DUPLICATE_METHOD_MATCH = YES;
				COPY_PHASE_STRIP = NO;
				DEBUG_INFORMATION_FORMAT = "dwarf-with-dsym";
				ENABLE_NS_ASSERTIONS = NO;
				ENABLE_STRICT_OBJC_MSGSEND = YES;
				GCC_C_LANGUAGE_STANDARD = gnu11;
				GCC_NO_COMMON_BLOCKS = YES;
				GCC_WARN_64_TO_32_BIT_CONVERSION = YES;
				GCC_WARN_ABOUT_RETURN_TYPE = YES_ERROR;
				GCC_WARN_UNDECLARED_SELECTOR = YES;
				GCC_WARN_UNINITIALIZED_AUTOS = YES_AGGRESSIVE;
				GCC_WARN_UNUSED_FUNCTION = YES;
				GCC_WARN_UNUSED_VARIABLE = YES;
				MACOSX_DEPLOYMENT_TARGET = 14.0;
				MTL_ENABLE_DEBUG_INFO = NO;
				MTL_FAST_MATH = YES;
				PRODUCT_NAME = "$(TARGET_NAME)";
				SDKROOT = macosx;
				SWIFT_COMPILATION_MODE = wholemodule;
				SWIFT_OPTIMIZATION_LEVEL = "-O";
				SWIFT_VERSION = 5.0;
			};
			name = Release;
		};
		EAA1876338CDF8E00BD8A93A /* Release */ = {
			isa = XCBuildConfiguration;
			buildSettings = {
				ASSETCATALOG_COMPILER_APPICON_NAME = AppIcon;
				CODE_SIGN_ENTITLEMENTS = GroqTalk/GroqTalk.entitlements;
				CODE_SIGN_IDENTITY = "-";
				COMBINE_HIDPI_IMAGES = YES;
				CURRENT_PROJECT_VERSION = 32;
				ENABLE_HARDENED_RUNTIME = YES;
				INFOPLIST_FILE = GroqTalk/Info.plist;
				LD_RUNPATH_SEARCH_PATHS = (
					"$(inherited)",
					"@executable_path/../Frameworks",
				);
				MARKETING_VERSION = 1.8.2;
				PRODUCT_BUNDLE_IDENTIFIER = com.neonwatty.GroqTalk;
				SDKROOT = macosx;
			};
			name = Release;
		};
		FD53247498C2B407FFD23470 /* Release */ = {
			isa = XCBuildConfiguration;
			buildSettings = {
				BUNDLE_LOADER = "$(TEST_HOST)";
				CODE_SIGN_IDENTITY = "-";
				COMBINE_HIDPI_IMAGES = YES;
				GENERATE_INFOPLIST_FILE = YES;
				LD_RUNPATH_SEARCH_PATHS = (
					"$(inherited)",
					"@executable_path/../Frameworks",
					"@loader_path/../Frameworks",
				);
				PRODUCT_BUNDLE_IDENTIFIER = com.neonwatty.GroqTalkTests;
				SDKROOT = macosx;
				TEST_HOST = "$(BUILT_PRODUCTS_DIR)/GroqTalk.app/Contents/MacOS/GroqTalk";
			};
			name = Release;
		};
/* End XCBuildConfiguration section */

/* Begin XCConfigurationList section */
		107743C574FA10A75A62DD33 /* Build configuration list for PBXNativeTarget "GroqTalkTests" */ = {
			isa = XCConfigurationList;
			buildConfigurations = (
				03D3721A5E9C4DE778F09797 /* Debug */,
				FD53247498C2B407FFD23470 /* Release */,
			);
			defaultConfigurationIsVisible = 0;
			defaultConfigurationName = Debug;
		};
		48CE717712EC94139459B1C2 /* Build configuration list for PBXProject "GroqTalk" */ = {
			isa = XCConfigurationList;
			buildConfigurations = (
				94999298F2E8288D46FE8824 /* Debug */,
				DD66CFA3BE06537A2202288A /* Release */,
			);
			defaultConfigurationIsVisible = 0;
			defaultConfigurationName = Debug;
		};
		92FD37804B1CF4213C807F3A /* Build configuration list for PBXNativeTarget "GroqTalk" */ = {
			isa = XCConfigurationList;
			buildConfigurations = (
				A2E03EE40E60CC680AC28832 /* Debug */,
				EAA1876338CDF8E00BD8A93A /* Release */,
			);
			defaultConfigurationIsVisible = 0;
			defaultConfigurationName = Debug;
		};
		EB0E8235350292A6FA35E6E9 /* Build configuration list for PBXNativeTarget "GroqTalkUITests" */ = {
			isa = XCConfigurationList;
			buildConfigurations = (
				B4B514430FEEA793B966FF87 /* Debug */,
				2C6B063E167FCBAA07163380 /* Release */,
			);
			defaultConfigurationIsVisible = 0;
			defaultConfigurationName = Debug;
		};
/* End XCConfigurationList section */

/* Begin XCRemoteSwiftPackageReference section */
		F299B909384CCCCAD30A2442 /* XCRemoteSwiftPackageReference "Sparkle" */ = {
			isa = XCRemoteSwiftPackageReference;
			repositoryURL = "https://github.com/sparkle-project/Sparkle";
			requirement = {
				kind = upToNextMajorVersion;
				minimumVersion = 2.6.0;
			};
		};
/* End XCRemoteSwiftPackageReference section */

/* Begin XCSwiftPackageProductDependency section */
		E65BE36B1044E9675E7B1413 /* Sparkle */ = {
			isa = XCSwiftPackageProductDependency;
			package = F299B909384CCCCAD30A2442 /* XCRemoteSwiftPackageReference "Sparkle" */;
			productName = Sparkle;
		};
/* End XCSwiftPackageProductDependency section */
	};
	rootObject = A2ABAD19C7C72F706510FCC2 /* Project object */;
}
